// !$*UTF8*$!
{
	archiveVersion = 1;
	classes = {
	};
	objectVersion = 46;
	objects = {

/* Begin PBXBuildFile section */
		5D0EEE9C1A5C3C8E003940CE /* Media.xcassets in Resources */ = {isa = PBXBuildFile; fileRef = 5D0EEE9B1A5C3C8E003940CE /* Media.xcassets */; };
		5D3A46D319EEDA4400F9D84B /* available-properties.png in Resources */ = {isa = PBXBuildFile; fileRef = 5D3A46B119EEDA4400F9D84B /* available-properties.png */; };
		5D3A46D419EEDA4400F9D84B /* available-properties@2x.png in Resources */ = {isa = PBXBuildFile; fileRef = 5D3A46B219EEDA4400F9D84B /* available-properties@2x.png */; };
		5D3A46D519EEDA4400F9D84B /* back-arrow.png in Resources */ = {isa = PBXBuildFile; fileRef = 5D3A46B319EEDA4400F9D84B /* back-arrow.png */; };
		5D3A46D619EEDA4400F9D84B /* back-arrow@2x.png in Resources */ = {isa = PBXBuildFile; fileRef = 5D3A46B419EEDA4400F9D84B /* back-arrow@2x.png */; };
		5D3A46D719EEDA4400F9D84B /* blurred-background.png in Resources */ = {isa = PBXBuildFile; fileRef = 5D3A46B519EEDA4400F9D84B /* blurred-background.png */; };
		5D3A46D819EEDA4400F9D84B /* blurred-background@2x.png in Resources */ = {isa = PBXBuildFile; fileRef = 5D3A46B619EEDA4400F9D84B /* blurred-background@2x.png */; };
		5D3A46D919EEDA4400F9D84B /* Cranberry Country Lodge.png in Resources */ = {isa = PBXBuildFile; fileRef = 5D3A46B719EEDA4400F9D84B /* Cranberry Country Lodge.png */; };
		5D3A46DA19EEDA4400F9D84B /* Cranberry Country Lodge@2x.png in Resources */ = {isa = PBXBuildFile; fileRef = 5D3A46B819EEDA4400F9D84B /* Cranberry Country Lodge@2x.png */; };
		5D3A46DB19EEDA4400F9D84B /* Edgewater Resort.png in Resources */ = {isa = PBXBuildFile; fileRef = 5D3A46B919EEDA4400F9D84B /* Edgewater Resort.png */; };
		5D3A46DC19EEDA4400F9D84B /* Edgewater Resort@2x.png in Resources */ = {isa = PBXBuildFile; fileRef = 5D3A46BA19EEDA4400F9D84B /* Edgewater Resort@2x.png */; };
		5D3A46DD19EEDA4400F9D84B /* help-me-find-a-property.png in Resources */ = {isa = PBXBuildFile; fileRef = 5D3A46BB19EEDA4400F9D84B /* help-me-find-a-property.png */; };
		5D3A46DE19EEDA4400F9D84B /* help-me-find-a-property@2x.png in Resources */ = {isa = PBXBuildFile; fileRef = 5D3A46BC19EEDA4400F9D84B /* help-me-find-a-property@2x.png */; };
		5D3A46DF19EEDA4400F9D84B /* Hotel Julien Dubuque.png in Resources */ = {isa = PBXBuildFile; fileRef = 5D3A46BD19EEDA4400F9D84B /* Hotel Julien Dubuque.png */; };
		5D3A46E019EEDA4400F9D84B /* Hotel Julien Dubuque@2x.png in Resources */ = {isa = PBXBuildFile; fileRef = 5D3A46BE19EEDA4400F9D84B /* Hotel Julien Dubuque@2x.png */; };
		5D3A46E119EEDA4400F9D84B /* Hotel Marshfield.png in Resources */ = {isa = PBXBuildFile; fileRef = 5D3A46BF19EEDA4400F9D84B /* Hotel Marshfield.png */; };
		5D3A46E219EEDA4400F9D84B /* Hotel Marshfield@2x.png in Resources */ = {isa = PBXBuildFile; fileRef = 5D3A46C019EEDA4400F9D84B /* Hotel Marshfield@2x.png */; };
		5D3A46E519EEDA4400F9D84B /* i-know-the-property.png in Resources */ = {isa = PBXBuildFile; fileRef = 5D3A46C319EEDA4400F9D84B /* i-know-the-property.png */; };
		5D3A46E619EEDA4400F9D84B /* i-know-the-property@2x.png in Resources */ = {isa = PBXBuildFile; fileRef = 5D3A46C419EEDA4400F9D84B /* i-know-the-property@2x.png */; };
		5D3A46E719EEDA4400F9D84B /* Jefferson Street Inn.png in Resources */ = {isa = PBXBuildFile; fileRef = 5D3A46C519EEDA4400F9D84B /* Jefferson Street Inn.png */; };
		5D3A46E819EEDA4400F9D84B /* Jefferson Street Inn@2x.png in Resources */ = {isa = PBXBuildFile; fileRef = 5D3A46C619EEDA4400F9D84B /* Jefferson Street Inn@2x.png */; };
		5D3A46E919EEDA4400F9D84B /* next.png in Resources */ = {isa = PBXBuildFile; fileRef = 5D3A46C719EEDA4400F9D84B /* next.png */; };
		5D3A46EA19EEDA4400F9D84B /* next@2x.png in Resources */ = {isa = PBXBuildFile; fileRef = 5D3A46C819EEDA4400F9D84B /* next@2x.png */; };
		5D3A46EB19EEDA4400F9D84B /* Ramada Janesville.png in Resources */ = {isa = PBXBuildFile; fileRef = 5D3A46C919EEDA4400F9D84B /* Ramada Janesville.png */; };
		5D3A46EC19EEDA4400F9D84B /* Ramada Janesville@2x.png in Resources */ = {isa = PBXBuildFile; fileRef = 5D3A46CA19EEDA4400F9D84B /* Ramada Janesville@2x.png */; };
		5D3A46ED19EEDA4400F9D84B /* request-for-proposal.png in Resources */ = {isa = PBXBuildFile; fileRef = 5D3A46CB19EEDA4400F9D84B /* request-for-proposal.png */; };
		5D3A46EE19EEDA4400F9D84B /* request-for-proposal@2x.png in Resources */ = {isa = PBXBuildFile; fileRef = 5D3A46CC19EEDA4400F9D84B /* request-for-proposal@2x.png */; };
		5D3A46EF19EEDA4400F9D84B /* splash.png in Resources */ = {isa = PBXBuildFile; fileRef = 5D3A46CD19EEDA4400F9D84B /* splash.png */; };
		5D3A46F019EEDA4400F9D84B /* splash@2x.png in Resources */ = {isa = PBXBuildFile; fileRef = 5D3A46CE19EEDA4400F9D84B /* splash@2x.png */; };
		5D3A46F119EEDA4400F9D84B /* The Plaza Hotel & Café.png in Resources */ = {isa = PBXBuildFile; fileRef = 5D3A46CF19EEDA4400F9D84B /* The Plaza Hotel & Café.png */; };
		5D3A46F219EEDA4400F9D84B /* The Plaza Hotel & Café@2x.png in Resources */ = {isa = PBXBuildFile; fileRef = 5D3A46D019EEDA4400F9D84B /* The Plaza Hotel & Café@2x.png */; };
		5D3A46F319EEDA4400F9D84B /* what-is-the-size-of-your-group-event.png in Resources */ = {isa = PBXBuildFile; fileRef = 5D3A46D119EEDA4400F9D84B /* what-is-the-size-of-your-group-event.png */; };
		5D3A46F419EEDA4400F9D84B /* what-is-the-size-of-your-group-event@2x.png in Resources */ = {isa = PBXBuildFile; fileRef = 5D3A46D219EEDA4400F9D84B /* what-is-the-size-of-your-group-event@2x.png */; };
		5D3A46F719EEDD4300F9D84B /* PropertyTableViewCell.m in Sources */ = {isa = PBXBuildFile; fileRef = 5D3A46F619EEDD4300F9D84B /* PropertyTableViewCell.m */; };
		5D3A46F919EEDF2400F9D84B /* Museo700-Regular.otf in Resources */ = {isa = PBXBuildFile; fileRef = 5D3A46F819EEDF2400F9D84B /* Museo700-Regular.otf */; };
		5D3A46FC19EEEA3500F9D84B /* PropertyDetailViewController.m in Sources */ = {isa = PBXBuildFile; fileRef = 5D3A46FB19EEEA3500F9D84B /* PropertyDetailViewController.m */; };
		5D3A46FE19EEEE3F00F9D84B /* Museo300-Regular.otf in Resources */ = {isa = PBXBuildFile; fileRef = 5D3A46FD19EEEE3F00F9D84B /* Museo300-Regular.otf */; };
		5D3A470E19EF01AD00F9D84B /* Cranberry Country Lodge Photo.jpg in Resources */ = {isa = PBXBuildFile; fileRef = 5D3A470019EF01AD00F9D84B /* Cranberry Country Lodge Photo.jpg */; };
		5D3A470F19EF01AD00F9D84B /* Cranberry Country Lodge Photo@2x.jpg in Resources */ = {isa = PBXBuildFile; fileRef = 5D3A470119EF01AD00F9D84B /* Cranberry Country Lodge Photo@2x.jpg */; };
		5D3A471019EF01AD00F9D84B /* Edgewater Resort Photo.jpg in Resources */ = {isa = PBXBuildFile; fileRef = 5D3A470219EF01AD00F9D84B /* Edgewater Resort Photo.jpg */; };
		5D3A471119EF01AD00F9D84B /* Edgewater Resort Photo@2x.jpg in Resources */ = {isa = PBXBuildFile; fileRef = 5D3A470319EF01AD00F9D84B /* Edgewater Resort Photo@2x.jpg */; };
		5D3A471219EF01AD00F9D84B /* Hotel Julien Dubuque Photo.jpg in Resources */ = {isa = PBXBuildFile; fileRef = 5D3A470419EF01AD00F9D84B /* Hotel Julien Dubuque Photo.jpg */; };
		5D3A471319EF01AD00F9D84B /* Hotel Julien Dubuque Photo@2x.jpg in Resources */ = {isa = PBXBuildFile; fileRef = 5D3A470519EF01AD00F9D84B /* Hotel Julien Dubuque Photo@2x.jpg */; };
		5D3A471419EF01AD00F9D84B /* Hotel Marshfield Photo.jpg in Resources */ = {isa = PBXBuildFile; fileRef = 5D3A470619EF01AD00F9D84B /* Hotel Marshfield Photo.jpg */; };
		5D3A471519EF01AD00F9D84B /* Hotel Marshfield Photo@2x.jpg in Resources */ = {isa = PBXBuildFile; fileRef = 5D3A470719EF01AD00F9D84B /* Hotel Marshfield Photo@2x.jpg */; };
		5D3A471619EF01AD00F9D84B /* Jefferson Street Inn Photo.jpg in Resources */ = {isa = PBXBuildFile; fileRef = 5D3A470819EF01AD00F9D84B /* Jefferson Street Inn Photo.jpg */; };
		5D3A471719EF01AD00F9D84B /* Jefferson Street Inn Photo@2x.jpg in Resources */ = {isa = PBXBuildFile; fileRef = 5D3A470919EF01AD00F9D84B /* Jefferson Street Inn Photo@2x.jpg */; };
		5D3A471819EF01AD00F9D84B /* Ramada Janesville Photo.jpg in Resources */ = {isa = PBXBuildFile; fileRef = 5D3A470A19EF01AD00F9D84B /* Ramada Janesville Photo.jpg */; };
		5D3A471919EF01AD00F9D84B /* Ramada Janesville Photo@2x.jpg in Resources */ = {isa = PBXBuildFile; fileRef = 5D3A470B19EF01AD00F9D84B /* Ramada Janesville Photo@2x.jpg */; };
		5D3A471A19EF01AD00F9D84B /* The Plaza Hotel & Café Photo.jpg in Resources */ = {isa = PBXBuildFile; fileRef = 5D3A470C19EF01AD00F9D84B /* The Plaza Hotel & Café Photo.jpg */; };
		5D3A471B19EF01AD00F9D84B /* The Plaza Hotel & Café Photo@2x.jpg in Resources */ = {isa = PBXBuildFile; fileRef = 5D3A470D19EF01AD00F9D84B /* The Plaza Hotel & Café Photo@2x.jpg */; };
		5D3A697C1A000BE9007739E3 /* RequestForProposalViewController.m in Sources */ = {isa = PBXBuildFile; fileRef = 5D3A697B1A000BE9007739E3 /* RequestForProposalViewController.m */; };
		5D3A69921A000F4F007739E3 /* TPKeyboardAvoidingCollectionView.m in Sources */ = {isa = PBXBuildFile; fileRef = 5D3A698B1A000F4F007739E3 /* TPKeyboardAvoidingCollectionView.m */; };
		5D3A69931A000F4F007739E3 /* TPKeyboardAvoidingScrollView.m in Sources */ = {isa = PBXBuildFile; fileRef = 5D3A698D1A000F4F007739E3 /* TPKeyboardAvoidingScrollView.m */; };
		5D3A69941A000F4F007739E3 /* TPKeyboardAvoidingTableView.m in Sources */ = {isa = PBXBuildFile; fileRef = 5D3A698F1A000F4F007739E3 /* TPKeyboardAvoidingTableView.m */; };
		5D3A69951A000F4F007739E3 /* UIScrollView+TPKeyboardAvoidingAdditions.m in Sources */ = {isa = PBXBuildFile; fileRef = 5D3A69911A000F4F007739E3 /* UIScrollView+TPKeyboardAvoidingAdditions.m */; };
		5D3A69971A00101C007739E3 /* UIKit.framework in Frameworks */ = {isa = PBXBuildFile; fileRef = 5D3A69961A00101C007739E3 /* UIKit.framework */; };
		5D3A69991A001044007739E3 /* CoreGraphics.framework in Frameworks */ = {isa = PBXBuildFile; fileRef = 5D3A69981A001044007739E3 /* CoreGraphics.framework */; };
		5D3A699B1A001049007739E3 /* Foundation.framework in Frameworks */ = {isa = PBXBuildFile; fileRef = 5D3A699A1A001049007739E3 /* Foundation.framework */; };
		5D4AEBCA19ED7A5B00FA040F /* main.m in Sources */ = {isa = PBXBuildFile; fileRef = 5D4AEBC919ED7A5B00FA040F /* main.m */; };
		5D4AEBCD19ED7A5B00FA040F /* AppDelegate.m in Sources */ = {isa = PBXBuildFile; fileRef = 5D4AEBCC19ED7A5B00FA040F /* AppDelegate.m */; };
		5D4AEBD019ED7A5B00FA040F /* IDM.xcdatamodeld in Sources */ = {isa = PBXBuildFile; fileRef = 5D4AEBCE19ED7A5B00FA040F /* IDM.xcdatamodeld */; };
		5D4AEBD919ED7A5B00FA040F /* Main.storyboard in Resources */ = {isa = PBXBuildFile; fileRef = 5D4AEBD719ED7A5B00FA040F /* Main.storyboard */; };
		5D4AEBDE19ED7A5B00FA040F /* LaunchScreen.xib in Resources */ = {isa = PBXBuildFile; fileRef = 5D4AEBDC19ED7A5B00FA040F /* LaunchScreen.xib */; };
		5D4AEBEA19ED7A5B00FA040F /* IDMTests.m in Sources */ = {isa = PBXBuildFile; fileRef = 5D4AEBE919ED7A5B00FA040F /* IDMTests.m */; };
		5D4AEBF819EDA44600FA040F /* Event.m in Sources */ = {isa = PBXBuildFile; fileRef = 5D4AEBF719EDA44600FA040F /* Event.m */; };
		5D4AEC1119EED7CF00FA040F /* PropertyTableViewController.m in Sources */ = {isa = PBXBuildFile; fileRef = 5D4AEC1019EED7CF00FA040F /* PropertyTableViewController.m */; };
		5D91C22719EF11810080F67D /* IDMNavigationController.m in Sources */ = {isa = PBXBuildFile; fileRef = 5D91C22619EF11810080F67D /* IDMNavigationController.m */; };
		5D91C22A19EF15B50080F67D /* MuseoSans-300.otf in Resources */ = {isa = PBXBuildFile; fileRef = 5D91C22819EF15B50080F67D /* MuseoSans-300.otf */; };
		5D91C22B19EF15B50080F67D /* MuseoSans_700.otf in Resources */ = {isa = PBXBuildFile; fileRef = 5D91C22919EF15B50080F67D /* MuseoSans_700.otf */; };
		5DCCBBD01A644574002A7ACE /* checkmark.png in Resources */ = {isa = PBXBuildFile; fileRef = 5DCCBBCE1A644574002A7ACE /* checkmark.png */; };
		5DCCBBD11A644574002A7ACE /* checkmark@2x.png in Resources */ = {isa = PBXBuildFile; fileRef = 5DCCBBCF1A644574002A7ACE /* checkmark@2x.png */; };
		5DCCBBD91A6452AD002A7ACE /* JVFloatLabeledTextField.m in Sources */ = {isa = PBXBuildFile; fileRef = 5DCCBBD41A6452AD002A7ACE /* JVFloatLabeledTextField.m */; };
		5DCCBBDA1A6452AD002A7ACE /* JVFloatLabeledTextView.m in Sources */ = {isa = PBXBuildFile; fileRef = 5DCCBBD61A6452AD002A7ACE /* JVFloatLabeledTextView.m */; };
		5DCCBBDB1A6452AD002A7ACE /* NSString+TextDirectionality.m in Sources */ = {isa = PBXBuildFile; fileRef = 5DCCBBD81A6452AD002A7ACE /* NSString+TextDirectionality.m */; };
		5DCDD41519FAF57800681C3B /* PartySizeViewController.m in Sources */ = {isa = PBXBuildFile; fileRef = 5DCDD41419FAF57800681C3B /* PartySizeViewController.m */; };
		5DCDD41819FAF59000681C3B /* PartyTypeViewController.m in Sources */ = {isa = PBXBuildFile; fileRef = 5DCDD41719FAF59000681C3B /* PartyTypeViewController.m */; };
		5DCDD41B19FAF5A700681C3B /* PartyNeedsViewController.m in Sources */ = {isa = PBXBuildFile; fileRef = 5DCDD41A19FAF5A700681C3B /* PartyNeedsViewController.m */; };
		5DCDD41E19FAFAEA00681C3B /* AvailablePropertiesViewController.m in Sources */ = {isa = PBXBuildFile; fileRef = 5DCDD41D19FAFAEA00681C3B /* AvailablePropertiesViewController.m */; };
		5DD59D581A8E662900793913 /* MSPageViewController.m in Sources */ = {isa = PBXBuildFile; fileRef = 5DD59D551A8E662900793913 /* MSPageViewController.m */; };
		5DD59D591A8E662900793913 /* MSPageViewControllerPage.m in Sources */ = {isa = PBXBuildFile; fileRef = 5DD59D571A8E662900793913 /* MSPageViewControllerPage.m */; };
		5DD59D5C1A8E689100793913 /* PropertyViewController.m in Sources */ = {isa = PBXBuildFile; fileRef = 5DD59D5B1A8E689100793913 /* PropertyViewController.m */; };
		5DD59D621A8E6DED00793913 /* PropertyViewSecondaryPage.m in Sources */ = {isa = PBXBuildFile; fileRef = 5DD59D611A8E6DED00793913 /* PropertyViewSecondaryPage.m */; };
		5DDC11491A7C2E2600199331 /* AFHTTPRequestOperation.m in Sources */ = {isa = PBXBuildFile; fileRef = 5DDC11371A7C2E2600199331 /* AFHTTPRequestOperation.m */; };
		5DDC114A1A7C2E2600199331 /* AFHTTPRequestOperationManager.m in Sources */ = {isa = PBXBuildFile; fileRef = 5DDC11391A7C2E2600199331 /* AFHTTPRequestOperationManager.m */; };
		5DDC114B1A7C2E2600199331 /* AFHTTPSessionManager.m in Sources */ = {isa = PBXBuildFile; fileRef = 5DDC113B1A7C2E2600199331 /* AFHTTPSessionManager.m */; };
		5DDC114C1A7C2E2600199331 /* AFNetworkReachabilityManager.m in Sources */ = {isa = PBXBuildFile; fileRef = 5DDC113E1A7C2E2600199331 /* AFNetworkReachabilityManager.m */; };
		5DDC114D1A7C2E2600199331 /* AFSecurityPolicy.m in Sources */ = {isa = PBXBuildFile; fileRef = 5DDC11401A7C2E2600199331 /* AFSecurityPolicy.m */; };
		5DDC114E1A7C2E2600199331 /* AFURLConnectionOperation.m in Sources */ = {isa = PBXBuildFile; fileRef = 5DDC11421A7C2E2600199331 /* AFURLConnectionOperation.m */; };
		5DDC114F1A7C2E2600199331 /* AFURLRequestSerialization.m in Sources */ = {isa = PBXBuildFile; fileRef = 5DDC11441A7C2E2600199331 /* AFURLRequestSerialization.m */; };
		5DDC11501A7C2E2600199331 /* AFURLResponseSerialization.m in Sources */ = {isa = PBXBuildFile; fileRef = 5DDC11461A7C2E2600199331 /* AFURLResponseSerialization.m */; };
		5DDC11511A7C2E2600199331 /* AFURLSessionManager.m in Sources */ = {isa = PBXBuildFile; fileRef = 5DDC11481A7C2E2600199331 /* AFURLSessionManager.m */; };
		5DDC11641A7FDFD200199331 /* AFNetworkActivityIndicatorManager.m in Sources */ = {isa = PBXBuildFile; fileRef = 5DDC11541A7FDFD200199331 /* AFNetworkActivityIndicatorManager.m */; };
		5DDC11651A7FDFD200199331 /* UIActivityIndicatorView+AFNetworking.m in Sources */ = {isa = PBXBuildFile; fileRef = 5DDC11561A7FDFD200199331 /* UIActivityIndicatorView+AFNetworking.m */; };
		5DDC11661A7FDFD200199331 /* UIAlertView+AFNetworking.m in Sources */ = {isa = PBXBuildFile; fileRef = 5DDC11581A7FDFD200199331 /* UIAlertView+AFNetworking.m */; };
		5DDC11671A7FDFD200199331 /* UIButton+AFNetworking.m in Sources */ = {isa = PBXBuildFile; fileRef = 5DDC115A1A7FDFD200199331 /* UIButton+AFNetworking.m */; };
		5DDC11681A7FDFD200199331 /* UIImageView+AFNetworking.m in Sources */ = {isa = PBXBuildFile; fileRef = 5DDC115C1A7FDFD200199331 /* UIImageView+AFNetworking.m */; };
		5DDC11691A7FDFD200199331 /* UIProgressView+AFNetworking.m in Sources */ = {isa = PBXBuildFile; fileRef = 5DDC115F1A7FDFD200199331 /* UIProgressView+AFNetworking.m */; };
		5DDC116A1A7FDFD200199331 /* UIRefreshControl+AFNetworking.m in Sources */ = {isa = PBXBuildFile; fileRef = 5DDC11611A7FDFD200199331 /* UIRefreshControl+AFNetworking.m */; };
		5DDC116B1A7FDFD200199331 /* UIWebView+AFNetworking.m in Sources */ = {isa = PBXBuildFile; fileRef = 5DDC11631A7FDFD200199331 /* UIWebView+AFNetworking.m */; };
		5DDC11921A80167D00199331 /* Underscore+Strings.m in Sources */ = {isa = PBXBuildFile; fileRef = 5DDC11851A80167D00199331 /* Underscore+Strings.m */; };
		5DDC11931A80167D00199331 /* USStringWrapper.m in Sources */ = {isa = PBXBuildFile; fileRef = 5DDC11871A80167D00199331 /* USStringWrapper.m */; };
		5DDC11941A80167D00199331 /* Underscore+Functional.m in Sources */ = {isa = PBXBuildFile; fileRef = 5DDC11891A80167D00199331 /* Underscore+Functional.m */; };
		5DDC11951A80167D00199331 /* Underscore.m in Sources */ = {isa = PBXBuildFile; fileRef = 5DDC118C1A80167D00199331 /* Underscore.m */; };
		5DDC11961A80167D00199331 /* USArrayWrapper.m in Sources */ = {isa = PBXBuildFile; fileRef = 5DDC118E1A80167D00199331 /* USArrayWrapper.m */; };
		5DDC11971A80167D00199331 /* USDictionaryWrapper.m in Sources */ = {isa = PBXBuildFile; fileRef = 5DDC11911A80167D00199331 /* USDictionaryWrapper.m */; };
/* End PBXBuildFile section */

/* Begin PBXContainerItemProxy section */
		5D4AEBE419ED7A5B00FA040F /* PBXContainerItemProxy */ = {
			isa = PBXContainerItemProxy;
			containerPortal = 5D4AEBBC19ED7A5B00FA040F /* Project object */;
			proxyType = 1;
			remoteGlobalIDString = 5D4AEBC319ED7A5B00FA040F;
			remoteInfo = IDM;
		};
/* End PBXContainerItemProxy section */

/* Begin PBXFileReference section */
		5D0EEE9B1A5C3C8E003940CE /* Media.xcassets */ = {isa = PBXFileReference; lastKnownFileType = folder.assetcatalog; path = Media.xcassets; sourceTree = "<group>"; };
		5D3A46B119EEDA4400F9D84B /* available-properties.png */ = {isa = PBXFileReference; lastKnownFileType = image.png; path = "available-properties.png"; sourceTree = "<group>"; };
		5D3A46B219EEDA4400F9D84B /* available-properties@2x.png */ = {isa = PBXFileReference; lastKnownFileType = image.png; path = "available-properties@2x.png"; sourceTree = "<group>"; };
		5D3A46B319EEDA4400F9D84B /* back-arrow.png */ = {isa = PBXFileReference; lastKnownFileType = image.png; path = "back-arrow.png"; sourceTree = "<group>"; };
		5D3A46B419EEDA4400F9D84B /* back-arrow@2x.png */ = {isa = PBXFileReference; lastKnownFileType = image.png; path = "back-arrow@2x.png"; sourceTree = "<group>"; };
		5D3A46B519EEDA4400F9D84B /* blurred-background.png */ = {isa = PBXFileReference; lastKnownFileType = image.png; path = "blurred-background.png"; sourceTree = "<group>"; };
		5D3A46B619EEDA4400F9D84B /* blurred-background@2x.png */ = {isa = PBXFileReference; lastKnownFileType = image.png; path = "blurred-background@2x.png"; sourceTree = "<group>"; };
		5D3A46B719EEDA4400F9D84B /* Cranberry Country Lodge.png */ = {isa = PBXFileReference; lastKnownFileType = image.png; path = "Cranberry Country Lodge.png"; sourceTree = "<group>"; };
		5D3A46B819EEDA4400F9D84B /* Cranberry Country Lodge@2x.png */ = {isa = PBXFileReference; lastKnownFileType = image.png; path = "Cranberry Country Lodge@2x.png"; sourceTree = "<group>"; };
		5D3A46B919EEDA4400F9D84B /* Edgewater Resort.png */ = {isa = PBXFileReference; lastKnownFileType = image.png; path = "Edgewater Resort.png"; sourceTree = "<group>"; };
		5D3A46BA19EEDA4400F9D84B /* Edgewater Resort@2x.png */ = {isa = PBXFileReference; lastKnownFileType = image.png; path = "Edgewater Resort@2x.png"; sourceTree = "<group>"; };
		5D3A46BB19EEDA4400F9D84B /* help-me-find-a-property.png */ = {isa = PBXFileReference; lastKnownFileType = image.png; path = "help-me-find-a-property.png"; sourceTree = "<group>"; };
		5D3A46BC19EEDA4400F9D84B /* help-me-find-a-property@2x.png */ = {isa = PBXFileReference; lastKnownFileType = image.png; path = "help-me-find-a-property@2x.png"; sourceTree = "<group>"; };
		5D3A46BD19EEDA4400F9D84B /* Hotel Julien Dubuque.png */ = {isa = PBXFileReference; lastKnownFileType = image.png; path = "Hotel Julien Dubuque.png"; sourceTree = "<group>"; };
		5D3A46BE19EEDA4400F9D84B /* Hotel Julien Dubuque@2x.png */ = {isa = PBXFileReference; lastKnownFileType = image.png; path = "Hotel Julien Dubuque@2x.png"; sourceTree = "<group>"; };
		5D3A46BF19EEDA4400F9D84B /* Hotel Marshfield.png */ = {isa = PBXFileReference; lastKnownFileType = image.png; path = "Hotel Marshfield.png"; sourceTree = "<group>"; };
		5D3A46C019EEDA4400F9D84B /* Hotel Marshfield@2x.png */ = {isa = PBXFileReference; lastKnownFileType = image.png; path = "Hotel Marshfield@2x.png"; sourceTree = "<group>"; };
		5D3A46C319EEDA4400F9D84B /* i-know-the-property.png */ = {isa = PBXFileReference; lastKnownFileType = image.png; path = "i-know-the-property.png"; sourceTree = "<group>"; };
		5D3A46C419EEDA4400F9D84B /* i-know-the-property@2x.png */ = {isa = PBXFileReference; lastKnownFileType = image.png; path = "i-know-the-property@2x.png"; sourceTree = "<group>"; };
		5D3A46C519EEDA4400F9D84B /* Jefferson Street Inn.png */ = {isa = PBXFileReference; lastKnownFileType = image.png; path = "Jefferson Street Inn.png"; sourceTree = "<group>"; };
		5D3A46C619EEDA4400F9D84B /* Jefferson Street Inn@2x.png */ = {isa = PBXFileReference; lastKnownFileType = image.png; path = "Jefferson Street Inn@2x.png"; sourceTree = "<group>"; };
		5D3A46C719EEDA4400F9D84B /* next.png */ = {isa = PBXFileReference; lastKnownFileType = image.png; path = next.png; sourceTree = "<group>"; };
		5D3A46C819EEDA4400F9D84B /* next@2x.png */ = {isa = PBXFileReference; lastKnownFileType = image.png; path = "next@2x.png"; sourceTree = "<group>"; };
		5D3A46C919EEDA4400F9D84B /* Ramada Janesville.png */ = {isa = PBXFileReference; lastKnownFileType = image.png; path = "Ramada Janesville.png"; sourceTree = "<group>"; };
		5D3A46CA19EEDA4400F9D84B /* Ramada Janesville@2x.png */ = {isa = PBXFileReference; lastKnownFileType = image.png; path = "Ramada Janesville@2x.png"; sourceTree = "<group>"; };
		5D3A46CB19EEDA4400F9D84B /* request-for-proposal.png */ = {isa = PBXFileReference; lastKnownFileType = image.png; path = "request-for-proposal.png"; sourceTree = "<group>"; };
		5D3A46CC19EEDA4400F9D84B /* request-for-proposal@2x.png */ = {isa = PBXFileReference; lastKnownFileType = image.png; path = "request-for-proposal@2x.png"; sourceTree = "<group>"; };
		5D3A46CD19EEDA4400F9D84B /* splash.png */ = {isa = PBXFileReference; lastKnownFileType = image.png; path = splash.png; sourceTree = "<group>"; };
		5D3A46CE19EEDA4400F9D84B /* splash@2x.png */ = {isa = PBXFileReference; lastKnownFileType = image.png; path = "splash@2x.png"; sourceTree = "<group>"; };
		5D3A46CF19EEDA4400F9D84B /* The Plaza Hotel & Café.png */ = {isa = PBXFileReference; lastKnownFileType = image.png; path = "The Plaza Hotel & Café.png"; sourceTree = "<group>"; };
		5D3A46D019EEDA4400F9D84B /* The Plaza Hotel & Café@2x.png */ = {isa = PBXFileReference; lastKnownFileType = image.png; path = "The Plaza Hotel & Café@2x.png"; sourceTree = "<group>"; };
		5D3A46D119EEDA4400F9D84B /* what-is-the-size-of-your-group-event.png */ = {isa = PBXFileReference; lastKnownFileType = image.png; path = "what-is-the-size-of-your-group-event.png"; sourceTree = "<group>"; };
		5D3A46D219EEDA4400F9D84B /* what-is-the-size-of-your-group-event@2x.png */ = {isa = PBXFileReference; lastKnownFileType = image.png; path = "what-is-the-size-of-your-group-event@2x.png"; sourceTree = "<group>"; };
		5D3A46F519EEDD4300F9D84B /* PropertyTableViewCell.h */ = {isa = PBXFileReference; fileEncoding = 4; lastKnownFileType = sourcecode.c.h; path = PropertyTableViewCell.h; sourceTree = "<group>"; };
		5D3A46F619EEDD4300F9D84B /* PropertyTableViewCell.m */ = {isa = PBXFileReference; fileEncoding = 4; lastKnownFileType = sourcecode.c.objc; path = PropertyTableViewCell.m; sourceTree = "<group>"; };
		5D3A46F819EEDF2400F9D84B /* Museo700-Regular.otf */ = {isa = PBXFileReference; lastKnownFileType = file; path = "Museo700-Regular.otf"; sourceTree = "<group>"; };
		5D3A46FA19EEEA3500F9D84B /* PropertyDetailViewController.h */ = {isa = PBXFileReference; fileEncoding = 4; lastKnownFileType = sourcecode.c.h; path = PropertyDetailViewController.h; sourceTree = "<group>"; };
		5D3A46FB19EEEA3500F9D84B /* PropertyDetailViewController.m */ = {isa = PBXFileReference; fileEncoding = 4; lastKnownFileType = sourcecode.c.objc; path = PropertyDetailViewController.m; sourceTree = "<group>"; };
		5D3A46FD19EEEE3F00F9D84B /* Museo300-Regular.otf */ = {isa = PBXFileReference; lastKnownFileType = file; path = "Museo300-Regular.otf"; sourceTree = "<group>"; };
		5D3A470019EF01AD00F9D84B /* Cranberry Country Lodge Photo.jpg */ = {isa = PBXFileReference; lastKnownFileType = image.jpeg; path = "Cranberry Country Lodge Photo.jpg"; sourceTree = "<group>"; };
		5D3A470119EF01AD00F9D84B /* Cranberry Country Lodge Photo@2x.jpg */ = {isa = PBXFileReference; lastKnownFileType = image.jpeg; path = "Cranberry Country Lodge Photo@2x.jpg"; sourceTree = "<group>"; };
		5D3A470219EF01AD00F9D84B /* Edgewater Resort Photo.jpg */ = {isa = PBXFileReference; lastKnownFileType = image.jpeg; path = "Edgewater Resort Photo.jpg"; sourceTree = "<group>"; };
		5D3A470319EF01AD00F9D84B /* Edgewater Resort Photo@2x.jpg */ = {isa = PBXFileReference; lastKnownFileType = image.jpeg; path = "Edgewater Resort Photo@2x.jpg"; sourceTree = "<group>"; };
		5D3A470419EF01AD00F9D84B /* Hotel Julien Dubuque Photo.jpg */ = {isa = PBXFileReference; lastKnownFileType = image.jpeg; path = "Hotel Julien Dubuque Photo.jpg"; sourceTree = "<group>"; };
		5D3A470519EF01AD00F9D84B /* Hotel Julien Dubuque Photo@2x.jpg */ = {isa = PBXFileReference; lastKnownFileType = image.jpeg; path = "Hotel Julien Dubuque Photo@2x.jpg"; sourceTree = "<group>"; };
		5D3A470619EF01AD00F9D84B /* Hotel Marshfield Photo.jpg */ = {isa = PBXFileReference; lastKnownFileType = image.jpeg; path = "Hotel Marshfield Photo.jpg"; sourceTree = "<group>"; };
		5D3A470719EF01AD00F9D84B /* Hotel Marshfield Photo@2x.jpg */ = {isa = PBXFileReference; lastKnownFileType = image.jpeg; path = "Hotel Marshfield Photo@2x.jpg"; sourceTree = "<group>"; };
		5D3A470819EF01AD00F9D84B /* Jefferson Street Inn Photo.jpg */ = {isa = PBXFileReference; lastKnownFileType = image.jpeg; path = "Jefferson Street Inn Photo.jpg"; sourceTree = "<group>"; };
		5D3A470919EF01AD00F9D84B /* Jefferson Street Inn Photo@2x.jpg */ = {isa = PBXFileReference; lastKnownFileType = image.jpeg; path = "Jefferson Street Inn Photo@2x.jpg"; sourceTree = "<group>"; };
		5D3A470A19EF01AD00F9D84B /* Ramada Janesville Photo.jpg */ = {isa = PBXFileReference; lastKnownFileType = image.jpeg; path = "Ramada Janesville Photo.jpg"; sourceTree = "<group>"; };
		5D3A470B19EF01AD00F9D84B /* Ramada Janesville Photo@2x.jpg */ = {isa = PBXFileReference; lastKnownFileType = image.jpeg; path = "Ramada Janesville Photo@2x.jpg"; sourceTree = "<group>"; };
		5D3A470C19EF01AD00F9D84B /* The Plaza Hotel & Café Photo.jpg */ = {isa = PBXFileReference; lastKnownFileType = image.jpeg; path = "The Plaza Hotel & Café Photo.jpg"; sourceTree = "<group>"; };
		5D3A470D19EF01AD00F9D84B /* The Plaza Hotel & Café Photo@2x.jpg */ = {isa = PBXFileReference; lastKnownFileType = image.jpeg; path = "The Plaza Hotel & Café Photo@2x.jpg"; sourceTree = "<group>"; };
		5D3A697A1A000BE9007739E3 /* RequestForProposalViewController.h */ = {isa = PBXFileReference; fileEncoding = 4; lastKnownFileType = sourcecode.c.h; path = RequestForProposalViewController.h; sourceTree = "<group>"; };
		5D3A697B1A000BE9007739E3 /* RequestForProposalViewController.m */ = {isa = PBXFileReference; fileEncoding = 4; lastKnownFileType = sourcecode.c.objc; path = RequestForProposalViewController.m; sourceTree = "<group>"; };
		5D3A698A1A000F4F007739E3 /* TPKeyboardAvoidingCollectionView.h */ = {isa = PBXFileReference; fileEncoding = 4; lastKnownFileType = sourcecode.c.h; path = TPKeyboardAvoidingCollectionView.h; sourceTree = "<group>"; };
		5D3A698B1A000F4F007739E3 /* TPKeyboardAvoidingCollectionView.m */ = {isa = PBXFileReference; fileEncoding = 4; lastKnownFileType = sourcecode.c.objc; path = TPKeyboardAvoidingCollectionView.m; sourceTree = "<group>"; };
		5D3A698C1A000F4F007739E3 /* TPKeyboardAvoidingScrollView.h */ = {isa = PBXFileReference; fileEncoding = 4; lastKnownFileType = sourcecode.c.h; path = TPKeyboardAvoidingScrollView.h; sourceTree = "<group>"; };
		5D3A698D1A000F4F007739E3 /* TPKeyboardAvoidingScrollView.m */ = {isa = PBXFileReference; fileEncoding = 4; lastKnownFileType = sourcecode.c.objc; path = TPKeyboardAvoidingScrollView.m; sourceTree = "<group>"; };
		5D3A698E1A000F4F007739E3 /* TPKeyboardAvoidingTableView.h */ = {isa = PBXFileReference; fileEncoding = 4; lastKnownFileType = sourcecode.c.h; path = TPKeyboardAvoidingTableView.h; sourceTree = "<group>"; };
		5D3A698F1A000F4F007739E3 /* TPKeyboardAvoidingTableView.m */ = {isa = PBXFileReference; fileEncoding = 4; lastKnownFileType = sourcecode.c.objc; path = TPKeyboardAvoidingTableView.m; sourceTree = "<group>"; };
		5D3A69901A000F4F007739E3 /* UIScrollView+TPKeyboardAvoidingAdditions.h */ = {isa = PBXFileReference; fileEncoding = 4; lastKnownFileType = sourcecode.c.h; path = "UIScrollView+TPKeyboardAvoidingAdditions.h"; sourceTree = "<group>"; };
		5D3A69911A000F4F007739E3 /* UIScrollView+TPKeyboardAvoidingAdditions.m */ = {isa = PBXFileReference; fileEncoding = 4; lastKnownFileType = sourcecode.c.objc; path = "UIScrollView+TPKeyboardAvoidingAdditions.m"; sourceTree = "<group>"; };
		5D3A69961A00101C007739E3 /* UIKit.framework */ = {isa = PBXFileReference; lastKnownFileType = wrapper.framework; name = UIKit.framework; path = System/Library/Frameworks/UIKit.framework; sourceTree = SDKROOT; };
		5D3A69981A001044007739E3 /* CoreGraphics.framework */ = {isa = PBXFileReference; lastKnownFileType = wrapper.framework; name = CoreGraphics.framework; path = System/Library/Frameworks/CoreGraphics.framework; sourceTree = SDKROOT; };
		5D3A699A1A001049007739E3 /* Foundation.framework */ = {isa = PBXFileReference; lastKnownFileType = wrapper.framework; name = Foundation.framework; path = System/Library/Frameworks/Foundation.framework; sourceTree = SDKROOT; };
		5D4AEBC419ED7A5B00FA040F /* IDM.app */ = {isa = PBXFileReference; explicitFileType = wrapper.application; includeInIndex = 0; path = IDM.app; sourceTree = BUILT_PRODUCTS_DIR; };
		5D4AEBC819ED7A5B00FA040F /* Info.plist */ = {isa = PBXFileReference; lastKnownFileType = text.plist.xml; path = Info.plist; sourceTree = "<group>"; };
		5D4AEBC919ED7A5B00FA040F /* main.m */ = {isa = PBXFileReference; lastKnownFileType = sourcecode.c.objc; path = main.m; sourceTree = "<group>"; };
		5D4AEBCB19ED7A5B00FA040F /* AppDelegate.h */ = {isa = PBXFileReference; lastKnownFileType = sourcecode.c.h; path = AppDelegate.h; sourceTree = "<group>"; };
		5D4AEBCC19ED7A5B00FA040F /* AppDelegate.m */ = {isa = PBXFileReference; lastKnownFileType = sourcecode.c.objc; path = AppDelegate.m; sourceTree = "<group>"; };
		5D4AEBCF19ED7A5B00FA040F /* IDM.xcdatamodel */ = {isa = PBXFileReference; lastKnownFileType = wrapper.xcdatamodel; path = IDM.xcdatamodel; sourceTree = "<group>"; };
		5D4AEBD819ED7A5B00FA040F /* Base */ = {isa = PBXFileReference; lastKnownFileType = file.storyboard; name = Base; path = Base.lproj/Main.storyboard; sourceTree = "<group>"; };
		5D4AEBDD19ED7A5B00FA040F /* Base */ = {isa = PBXFileReference; lastKnownFileType = file.xib; name = Base; path = Base.lproj/LaunchScreen.xib; sourceTree = "<group>"; };
		5D4AEBE319ED7A5B00FA040F /* IDMTests.xctest */ = {isa = PBXFileReference; explicitFileType = wrapper.cfbundle; includeInIndex = 0; path = IDMTests.xctest; sourceTree = BUILT_PRODUCTS_DIR; };
		5D4AEBE819ED7A5B00FA040F /* Info.plist */ = {isa = PBXFileReference; lastKnownFileType = text.plist.xml; path = Info.plist; sourceTree = "<group>"; };
		5D4AEBE919ED7A5B00FA040F /* IDMTests.m */ = {isa = PBXFileReference; lastKnownFileType = sourcecode.c.objc; path = IDMTests.m; sourceTree = "<group>"; };
		5D4AEBF619EDA44600FA040F /* Event.h */ = {isa = PBXFileReference; fileEncoding = 4; lastKnownFileType = sourcecode.c.h; path = Event.h; sourceTree = "<group>"; };
		5D4AEBF719EDA44600FA040F /* Event.m */ = {isa = PBXFileReference; fileEncoding = 4; lastKnownFileType = sourcecode.c.objc; path = Event.m; sourceTree = "<group>"; };
		5D4AEC0F19EED7CF00FA040F /* PropertyTableViewController.h */ = {isa = PBXFileReference; fileEncoding = 4; lastKnownFileType = sourcecode.c.h; path = PropertyTableViewController.h; sourceTree = "<group>"; };
		5D4AEC1019EED7CF00FA040F /* PropertyTableViewController.m */ = {isa = PBXFileReference; fileEncoding = 4; lastKnownFileType = sourcecode.c.objc; path = PropertyTableViewController.m; sourceTree = "<group>"; };
		5D91C22519EF11810080F67D /* IDMNavigationController.h */ = {isa = PBXFileReference; fileEncoding = 4; lastKnownFileType = sourcecode.c.h; path = IDMNavigationController.h; sourceTree = "<group>"; };
		5D91C22619EF11810080F67D /* IDMNavigationController.m */ = {isa = PBXFileReference; fileEncoding = 4; lastKnownFileType = sourcecode.c.objc; path = IDMNavigationController.m; sourceTree = "<group>"; };
		5D91C22819EF15B50080F67D /* MuseoSans-300.otf */ = {isa = PBXFileReference; lastKnownFileType = file; path = "MuseoSans-300.otf"; sourceTree = "<group>"; };
		5D91C22919EF15B50080F67D /* MuseoSans_700.otf */ = {isa = PBXFileReference; lastKnownFileType = file; path = MuseoSans_700.otf; sourceTree = "<group>"; };
		5DCCBBCE1A644574002A7ACE /* checkmark.png */ = {isa = PBXFileReference; lastKnownFileType = image.png; path = checkmark.png; sourceTree = "<group>"; };
		5DCCBBCF1A644574002A7ACE /* checkmark@2x.png */ = {isa = PBXFileReference; lastKnownFileType = image.png; path = "checkmark@2x.png"; sourceTree = "<group>"; };
		5DCCBBD31A6452AD002A7ACE /* JVFloatLabeledTextField.h */ = {isa = PBXFileReference; fileEncoding = 4; lastKnownFileType = sourcecode.c.h; path = JVFloatLabeledTextField.h; sourceTree = "<group>"; };
		5DCCBBD41A6452AD002A7ACE /* JVFloatLabeledTextField.m */ = {isa = PBXFileReference; fileEncoding = 4; lastKnownFileType = sourcecode.c.objc; path = JVFloatLabeledTextField.m; sourceTree = "<group>"; };
		5DCCBBD51A6452AD002A7ACE /* JVFloatLabeledTextView.h */ = {isa = PBXFileReference; fileEncoding = 4; lastKnownFileType = sourcecode.c.h; path = JVFloatLabeledTextView.h; sourceTree = "<group>"; };
		5DCCBBD61A6452AD002A7ACE /* JVFloatLabeledTextView.m */ = {isa = PBXFileReference; fileEncoding = 4; lastKnownFileType = sourcecode.c.objc; path = JVFloatLabeledTextView.m; sourceTree = "<group>"; };
		5DCCBBD71A6452AD002A7ACE /* NSString+TextDirectionality.h */ = {isa = PBXFileReference; fileEncoding = 4; lastKnownFileType = sourcecode.c.h; path = "NSString+TextDirectionality.h"; sourceTree = "<group>"; };
		5DCCBBD81A6452AD002A7ACE /* NSString+TextDirectionality.m */ = {isa = PBXFileReference; fileEncoding = 4; lastKnownFileType = sourcecode.c.objc; path = "NSString+TextDirectionality.m"; sourceTree = "<group>"; };
		5DCDD41319FAF57800681C3B /* PartySizeViewController.h */ = {isa = PBXFileReference; fileEncoding = 4; lastKnownFileType = sourcecode.c.h; path = PartySizeViewController.h; sourceTree = "<group>"; };
		5DCDD41419FAF57800681C3B /* PartySizeViewController.m */ = {isa = PBXFileReference; fileEncoding = 4; lastKnownFileType = sourcecode.c.objc; path = PartySizeViewController.m; sourceTree = "<group>"; };
		5DCDD41619FAF59000681C3B /* PartyTypeViewController.h */ = {isa = PBXFileReference; fileEncoding = 4; lastKnownFileType = sourcecode.c.h; path = PartyTypeViewController.h; sourceTree = "<group>"; };
		5DCDD41719FAF59000681C3B /* PartyTypeViewController.m */ = {isa = PBXFileReference; fileEncoding = 4; lastKnownFileType = sourcecode.c.objc; path = PartyTypeViewController.m; sourceTree = "<group>"; };
		5DCDD41919FAF5A700681C3B /* PartyNeedsViewController.h */ = {isa = PBXFileReference; fileEncoding = 4; lastKnownFileType = sourcecode.c.h; path = PartyNeedsViewController.h; sourceTree = "<group>"; };
		5DCDD41A19FAF5A700681C3B /* PartyNeedsViewController.m */ = {isa = PBXFileReference; fileEncoding = 4; lastKnownFileType = sourcecode.c.objc; path = PartyNeedsViewController.m; sourceTree = "<group>"; };
		5DCDD41C19FAFAEA00681C3B /* AvailablePropertiesViewController.h */ = {isa = PBXFileReference; fileEncoding = 4; lastKnownFileType = sourcecode.c.h; path = AvailablePropertiesViewController.h; sourceTree = "<group>"; };
		5DCDD41D19FAFAEA00681C3B /* AvailablePropertiesViewController.m */ = {isa = PBXFileReference; fileEncoding = 4; lastKnownFileType = sourcecode.c.objc; path = AvailablePropertiesViewController.m; sourceTree = "<group>"; };
		5DD59D531A8E662900793913 /* MSPageViewController+Protected.h */ = {isa = PBXFileReference; fileEncoding = 4; lastKnownFileType = sourcecode.c.h; path = "MSPageViewController+Protected.h"; sourceTree = "<group>"; };
		5DD59D541A8E662900793913 /* MSPageViewController.h */ = {isa = PBXFileReference; fileEncoding = 4; lastKnownFileType = sourcecode.c.h; path = MSPageViewController.h; sourceTree = "<group>"; };
		5DD59D551A8E662900793913 /* MSPageViewController.m */ = {isa = PBXFileReference; fileEncoding = 4; lastKnownFileType = sourcecode.c.objc; path = MSPageViewController.m; sourceTree = "<group>"; };
		5DD59D561A8E662900793913 /* MSPageViewControllerPage.h */ = {isa = PBXFileReference; fileEncoding = 4; lastKnownFileType = sourcecode.c.h; path = MSPageViewControllerPage.h; sourceTree = "<group>"; };
		5DD59D571A8E662900793913 /* MSPageViewControllerPage.m */ = {isa = PBXFileReference; fileEncoding = 4; lastKnownFileType = sourcecode.c.objc; path = MSPageViewControllerPage.m; sourceTree = "<group>"; };
		5DD59D5A1A8E689100793913 /* PropertyViewController.h */ = {isa = PBXFileReference; fileEncoding = 4; lastKnownFileType = sourcecode.c.h; path = PropertyViewController.h; sourceTree = "<group>"; };
		5DD59D5B1A8E689100793913 /* PropertyViewController.m */ = {isa = PBXFileReference; fileEncoding = 4; lastKnownFileType = sourcecode.c.objc; path = PropertyViewController.m; sourceTree = "<group>"; };
		5DD59D601A8E6DED00793913 /* PropertyViewSecondaryPage.h */ = {isa = PBXFileReference; fileEncoding = 4; lastKnownFileType = sourcecode.c.h; path = PropertyViewSecondaryPage.h; sourceTree = "<group>"; };
		5DD59D611A8E6DED00793913 /* PropertyViewSecondaryPage.m */ = {isa = PBXFileReference; fileEncoding = 4; lastKnownFileType = sourcecode.c.objc; path = PropertyViewSecondaryPage.m; sourceTree = "<group>"; };
		5DDC11361A7C2E2600199331 /* AFHTTPRequestOperation.h */ = {isa = PBXFileReference; fileEncoding = 4; lastKnownFileType = sourcecode.c.h; path = AFHTTPRequestOperation.h; sourceTree = "<group>"; };
		5DDC11371A7C2E2600199331 /* AFHTTPRequestOperation.m */ = {isa = PBXFileReference; fileEncoding = 4; lastKnownFileType = sourcecode.c.objc; path = AFHTTPRequestOperation.m; sourceTree = "<group>"; };
		5DDC11381A7C2E2600199331 /* AFHTTPRequestOperationManager.h */ = {isa = PBXFileReference; fileEncoding = 4; lastKnownFileType = sourcecode.c.h; path = AFHTTPRequestOperationManager.h; sourceTree = "<group>"; };
		5DDC11391A7C2E2600199331 /* AFHTTPRequestOperationManager.m */ = {isa = PBXFileReference; fileEncoding = 4; lastKnownFileType = sourcecode.c.objc; path = AFHTTPRequestOperationManager.m; sourceTree = "<group>"; };
		5DDC113A1A7C2E2600199331 /* AFHTTPSessionManager.h */ = {isa = PBXFileReference; fileEncoding = 4; lastKnownFileType = sourcecode.c.h; path = AFHTTPSessionManager.h; sourceTree = "<group>"; };
		5DDC113B1A7C2E2600199331 /* AFHTTPSessionManager.m */ = {isa = PBXFileReference; fileEncoding = 4; lastKnownFileType = sourcecode.c.objc; path = AFHTTPSessionManager.m; sourceTree = "<group>"; };
		5DDC113C1A7C2E2600199331 /* AFNetworking.h */ = {isa = PBXFileReference; fileEncoding = 4; lastKnownFileType = sourcecode.c.h; path = AFNetworking.h; sourceTree = "<group>"; };
		5DDC113D1A7C2E2600199331 /* AFNetworkReachabilityManager.h */ = {isa = PBXFileReference; fileEncoding = 4; lastKnownFileType = sourcecode.c.h; path = AFNetworkReachabilityManager.h; sourceTree = "<group>"; };
		5DDC113E1A7C2E2600199331 /* AFNetworkReachabilityManager.m */ = {isa = PBXFileReference; fileEncoding = 4; lastKnownFileType = sourcecode.c.objc; path = AFNetworkReachabilityManager.m; sourceTree = "<group>"; };
		5DDC113F1A7C2E2600199331 /* AFSecurityPolicy.h */ = {isa = PBXFileReference; fileEncoding = 4; lastKnownFileType = sourcecode.c.h; path = AFSecurityPolicy.h; sourceTree = "<group>"; };
		5DDC11401A7C2E2600199331 /* AFSecurityPolicy.m */ = {isa = PBXFileReference; fileEncoding = 4; lastKnownFileType = sourcecode.c.objc; path = AFSecurityPolicy.m; sourceTree = "<group>"; };
		5DDC11411A7C2E2600199331 /* AFURLConnectionOperation.h */ = {isa = PBXFileReference; fileEncoding = 4; lastKnownFileType = sourcecode.c.h; path = AFURLConnectionOperation.h; sourceTree = "<group>"; };
		5DDC11421A7C2E2600199331 /* AFURLConnectionOperation.m */ = {isa = PBXFileReference; fileEncoding = 4; lastKnownFileType = sourcecode.c.objc; path = AFURLConnectionOperation.m; sourceTree = "<group>"; };
		5DDC11431A7C2E2600199331 /* AFURLRequestSerialization.h */ = {isa = PBXFileReference; fileEncoding = 4; lastKnownFileType = sourcecode.c.h; path = AFURLRequestSerialization.h; sourceTree = "<group>"; };
		5DDC11441A7C2E2600199331 /* AFURLRequestSerialization.m */ = {isa = PBXFileReference; fileEncoding = 4; lastKnownFileType = sourcecode.c.objc; path = AFURLRequestSerialization.m; sourceTree = "<group>"; };
		5DDC11451A7C2E2600199331 /* AFURLResponseSerialization.h */ = {isa = PBXFileReference; fileEncoding = 4; lastKnownFileType = sourcecode.c.h; path = AFURLResponseSerialization.h; sourceTree = "<group>"; };
		5DDC11461A7C2E2600199331 /* AFURLResponseSerialization.m */ = {isa = PBXFileReference; fileEncoding = 4; lastKnownFileType = sourcecode.c.objc; path = AFURLResponseSerialization.m; sourceTree = "<group>"; };
		5DDC11471A7C2E2600199331 /* AFURLSessionManager.h */ = {isa = PBXFileReference; fileEncoding = 4; lastKnownFileType = sourcecode.c.h; path = AFURLSessionManager.h; sourceTree = "<group>"; };
		5DDC11481A7C2E2600199331 /* AFURLSessionManager.m */ = {isa = PBXFileReference; fileEncoding = 4; lastKnownFileType = sourcecode.c.objc; path = AFURLSessionManager.m; sourceTree = "<group>"; };
		5DDC11531A7FDFD200199331 /* AFNetworkActivityIndicatorManager.h */ = {isa = PBXFileReference; fileEncoding = 4; lastKnownFileType = sourcecode.c.h; path = AFNetworkActivityIndicatorManager.h; sourceTree = "<group>"; };
		5DDC11541A7FDFD200199331 /* AFNetworkActivityIndicatorManager.m */ = {isa = PBXFileReference; fileEncoding = 4; lastKnownFileType = sourcecode.c.objc; path = AFNetworkActivityIndicatorManager.m; sourceTree = "<group>"; };
		5DDC11551A7FDFD200199331 /* UIActivityIndicatorView+AFNetworking.h */ = {isa = PBXFileReference; fileEncoding = 4; lastKnownFileType = sourcecode.c.h; path = "UIActivityIndicatorView+AFNetworking.h"; sourceTree = "<group>"; };
		5DDC11561A7FDFD200199331 /* UIActivityIndicatorView+AFNetworking.m */ = {isa = PBXFileReference; fileEncoding = 4; lastKnownFileType = sourcecode.c.objc; path = "UIActivityIndicatorView+AFNetworking.m"; sourceTree = "<group>"; };
		5DDC11571A7FDFD200199331 /* UIAlertView+AFNetworking.h */ = {isa = PBXFileReference; fileEncoding = 4; lastKnownFileType = sourcecode.c.h; path = "UIAlertView+AFNetworking.h"; sourceTree = "<group>"; };
		5DDC11581A7FDFD200199331 /* UIAlertView+AFNetworking.m */ = {isa = PBXFileReference; fileEncoding = 4; lastKnownFileType = sourcecode.c.objc; path = "UIAlertView+AFNetworking.m"; sourceTree = "<group>"; };
		5DDC11591A7FDFD200199331 /* UIButton+AFNetworking.h */ = {isa = PBXFileReference; fileEncoding = 4; lastKnownFileType = sourcecode.c.h; path = "UIButton+AFNetworking.h"; sourceTree = "<group>"; };
		5DDC115A1A7FDFD200199331 /* UIButton+AFNetworking.m */ = {isa = PBXFileReference; fileEncoding = 4; lastKnownFileType = sourcecode.c.objc; path = "UIButton+AFNetworking.m"; sourceTree = "<group>"; };
		5DDC115B1A7FDFD200199331 /* UIImageView+AFNetworking.h */ = {isa = PBXFileReference; fileEncoding = 4; lastKnownFileType = sourcecode.c.h; path = "UIImageView+AFNetworking.h"; sourceTree = "<group>"; };
		5DDC115C1A7FDFD200199331 /* UIImageView+AFNetworking.m */ = {isa = PBXFileReference; fileEncoding = 4; lastKnownFileType = sourcecode.c.objc; path = "UIImageView+AFNetworking.m"; sourceTree = "<group>"; };
		5DDC115D1A7FDFD200199331 /* UIKit+AFNetworking.h */ = {isa = PBXFileReference; fileEncoding = 4; lastKnownFileType = sourcecode.c.h; path = "UIKit+AFNetworking.h"; sourceTree = "<group>"; };
		5DDC115E1A7FDFD200199331 /* UIProgressView+AFNetworking.h */ = {isa = PBXFileReference; fileEncoding = 4; lastKnownFileType = sourcecode.c.h; path = "UIProgressView+AFNetworking.h"; sourceTree = "<group>"; };
		5DDC115F1A7FDFD200199331 /* UIProgressView+AFNetworking.m */ = {isa = PBXFileReference; fileEncoding = 4; lastKnownFileType = sourcecode.c.objc; path = "UIProgressView+AFNetworking.m"; sourceTree = "<group>"; };
		5DDC11601A7FDFD200199331 /* UIRefreshControl+AFNetworking.h */ = {isa = PBXFileReference; fileEncoding = 4; lastKnownFileType = sourcecode.c.h; path = "UIRefreshControl+AFNetworking.h"; sourceTree = "<group>"; };
		5DDC11611A7FDFD200199331 /* UIRefreshControl+AFNetworking.m */ = {isa = PBXFileReference; fileEncoding = 4; lastKnownFileType = sourcecode.c.objc; path = "UIRefreshControl+AFNetworking.m"; sourceTree = "<group>"; };
		5DDC11621A7FDFD200199331 /* UIWebView+AFNetworking.h */ = {isa = PBXFileReference; fileEncoding = 4; lastKnownFileType = sourcecode.c.h; path = "UIWebView+AFNetworking.h"; sourceTree = "<group>"; };
		5DDC11631A7FDFD200199331 /* UIWebView+AFNetworking.m */ = {isa = PBXFileReference; fileEncoding = 4; lastKnownFileType = sourcecode.c.objc; path = "UIWebView+AFNetworking.m"; sourceTree = "<group>"; };
		5DDC11841A80167D00199331 /* Underscore+Strings.h */ = {isa = PBXFileReference; fileEncoding = 4; lastKnownFileType = sourcecode.c.h; path = "Underscore+Strings.h"; sourceTree = "<group>"; };
		5DDC11851A80167D00199331 /* Underscore+Strings.m */ = {isa = PBXFileReference; fileEncoding = 4; lastKnownFileType = sourcecode.c.objc; path = "Underscore+Strings.m"; sourceTree = "<group>"; };
		5DDC11861A80167D00199331 /* USStringWrapper.h */ = {isa = PBXFileReference; fileEncoding = 4; lastKnownFileType = sourcecode.c.h; path = USStringWrapper.h; sourceTree = "<group>"; };
		5DDC11871A80167D00199331 /* USStringWrapper.m */ = {isa = PBXFileReference; fileEncoding = 4; lastKnownFileType = sourcecode.c.objc; path = USStringWrapper.m; sourceTree = "<group>"; };
		5DDC11881A80167D00199331 /* Underscore+Functional.h */ = {isa = PBXFileReference; fileEncoding = 4; lastKnownFileType = sourcecode.c.h; path = "Underscore+Functional.h"; sourceTree = "<group>"; };
		5DDC11891A80167D00199331 /* Underscore+Functional.m */ = {isa = PBXFileReference; fileEncoding = 4; lastKnownFileType = sourcecode.c.objc; path = "Underscore+Functional.m"; sourceTree = "<group>"; };
		5DDC118A1A80167D00199331 /* Underscore-Prefix.pch */ = {isa = PBXFileReference; fileEncoding = 4; lastKnownFileType = sourcecode.c.h; path = "Underscore-Prefix.pch"; sourceTree = "<group>"; };
		5DDC118B1A80167D00199331 /* Underscore.h */ = {isa = PBXFileReference; fileEncoding = 4; lastKnownFileType = sourcecode.c.h; path = Underscore.h; sourceTree = "<group>"; };
		5DDC118C1A80167D00199331 /* Underscore.m */ = {isa = PBXFileReference; fileEncoding = 4; lastKnownFileType = sourcecode.c.objc; path = Underscore.m; sourceTree = "<group>"; };
		5DDC118D1A80167D00199331 /* USArrayWrapper.h */ = {isa = PBXFileReference; fileEncoding = 4; lastKnownFileType = sourcecode.c.h; path = USArrayWrapper.h; sourceTree = "<group>"; };
		5DDC118E1A80167D00199331 /* USArrayWrapper.m */ = {isa = PBXFileReference; fileEncoding = 4; lastKnownFileType = sourcecode.c.objc; path = USArrayWrapper.m; sourceTree = "<group>"; };
		5DDC118F1A80167D00199331 /* USConstants.h */ = {isa = PBXFileReference; fileEncoding = 4; lastKnownFileType = sourcecode.c.h; path = USConstants.h; sourceTree = "<group>"; };
		5DDC11901A80167D00199331 /* USDictionaryWrapper.h */ = {isa = PBXFileReference; fileEncoding = 4; lastKnownFileType = sourcecode.c.h; path = USDictionaryWrapper.h; sourceTree = "<group>"; };
		5DDC11911A80167D00199331 /* USDictionaryWrapper.m */ = {isa = PBXFileReference; fileEncoding = 4; lastKnownFileType = sourcecode.c.objc; path = USDictionaryWrapper.m; sourceTree = "<group>"; };
/* End PBXFileReference section */

/* Begin PBXFrameworksBuildPhase section */
		5D4AEBC119ED7A5B00FA040F /* Frameworks */ = {
			isa = PBXFrameworksBuildPhase;
			buildActionMask = 2147483647;
			files = (
				5D3A699B1A001049007739E3 /* Foundation.framework in Frameworks */,
				5D3A69991A001044007739E3 /* CoreGraphics.framework in Frameworks */,
				5D3A69971A00101C007739E3 /* UIKit.framework in Frameworks */,
			);
			runOnlyForDeploymentPostprocessing = 0;
		};
		5D4AEBE019ED7A5B00FA040F /* Frameworks */ = {
			isa = PBXFrameworksBuildPhase;
			buildActionMask = 2147483647;
			files = (
			);
			runOnlyForDeploymentPostprocessing = 0;
		};
/* End PBXFrameworksBuildPhase section */

/* Begin PBXGroup section */
		5D3A46B019EEDA3A00F9D84B /* Images */ = {
			isa = PBXGroup;
			children = (
				5DCCBBCE1A644574002A7ACE /* checkmark.png */,
				5DCCBBCF1A644574002A7ACE /* checkmark@2x.png */,
				5D91C22819EF15B50080F67D /* MuseoSans-300.otf */,
				5D91C22919EF15B50080F67D /* MuseoSans_700.otf */,
				5D3A46FF19EF019B00F9D84B /* Detail Photos */,
				5D3A46FD19EEEE3F00F9D84B /* Museo300-Regular.otf */,
				5D3A46F819EEDF2400F9D84B /* Museo700-Regular.otf */,
				5D3A46B119EEDA4400F9D84B /* available-properties.png */,
				5D3A46B219EEDA4400F9D84B /* available-properties@2x.png */,
				5D3A46B319EEDA4400F9D84B /* back-arrow.png */,
				5D3A46B419EEDA4400F9D84B /* back-arrow@2x.png */,
				5D3A46B519EEDA4400F9D84B /* blurred-background.png */,
				5D3A46B619EEDA4400F9D84B /* blurred-background@2x.png */,
				5D3A46B719EEDA4400F9D84B /* Cranberry Country Lodge.png */,
				5D3A46B819EEDA4400F9D84B /* Cranberry Country Lodge@2x.png */,
				5D3A46B919EEDA4400F9D84B /* Edgewater Resort.png */,
				5D3A46BA19EEDA4400F9D84B /* Edgewater Resort@2x.png */,
				5D3A46BB19EEDA4400F9D84B /* help-me-find-a-property.png */,
				5D3A46BC19EEDA4400F9D84B /* help-me-find-a-property@2x.png */,
				5D3A46BD19EEDA4400F9D84B /* Hotel Julien Dubuque.png */,
				5D3A46BE19EEDA4400F9D84B /* Hotel Julien Dubuque@2x.png */,
				5D3A46BF19EEDA4400F9D84B /* Hotel Marshfield.png */,
				5D3A46C019EEDA4400F9D84B /* Hotel Marshfield@2x.png */,
				5D3A46C319EEDA4400F9D84B /* i-know-the-property.png */,
				5D3A46C419EEDA4400F9D84B /* i-know-the-property@2x.png */,
				5D3A46C519EEDA4400F9D84B /* Jefferson Street Inn.png */,
				5D3A46C619EEDA4400F9D84B /* Jefferson Street Inn@2x.png */,
				5D3A46C719EEDA4400F9D84B /* next.png */,
				5D3A46C819EEDA4400F9D84B /* next@2x.png */,
				5D3A46C919EEDA4400F9D84B /* Ramada Janesville.png */,
				5D3A46CA19EEDA4400F9D84B /* Ramada Janesville@2x.png */,
				5D3A46CB19EEDA4400F9D84B /* request-for-proposal.png */,
				5D3A46CC19EEDA4400F9D84B /* request-for-proposal@2x.png */,
				5D3A46CD19EEDA4400F9D84B /* splash.png */,
				5D3A46CE19EEDA4400F9D84B /* splash@2x.png */,
				5D3A46CF19EEDA4400F9D84B /* The Plaza Hotel & Café.png */,
				5D3A46D019EEDA4400F9D84B /* The Plaza Hotel & Café@2x.png */,
				5D3A46D119EEDA4400F9D84B /* what-is-the-size-of-your-group-event.png */,
				5D3A46D219EEDA4400F9D84B /* what-is-the-size-of-your-group-event@2x.png */,
			);
			name = Images;
			sourceTree = "<group>";
		};
		5D3A46FF19EF019B00F9D84B /* Detail Photos */ = {
			isa = PBXGroup;
			children = (
				5D3A470019EF01AD00F9D84B /* Cranberry Country Lodge Photo.jpg */,
				5D3A470119EF01AD00F9D84B /* Cranberry Country Lodge Photo@2x.jpg */,
				5D3A470219EF01AD00F9D84B /* Edgewater Resort Photo.jpg */,
				5D3A470319EF01AD00F9D84B /* Edgewater Resort Photo@2x.jpg */,
				5D3A470419EF01AD00F9D84B /* Hotel Julien Dubuque Photo.jpg */,
				5D3A470519EF01AD00F9D84B /* Hotel Julien Dubuque Photo@2x.jpg */,
				5D3A470619EF01AD00F9D84B /* Hotel Marshfield Photo.jpg */,
				5D3A470719EF01AD00F9D84B /* Hotel Marshfield Photo@2x.jpg */,
				5D3A470819EF01AD00F9D84B /* Jefferson Street Inn Photo.jpg */,
				5D3A470919EF01AD00F9D84B /* Jefferson Street Inn Photo@2x.jpg */,
				5D3A470A19EF01AD00F9D84B /* Ramada Janesville Photo.jpg */,
				5D3A470B19EF01AD00F9D84B /* Ramada Janesville Photo@2x.jpg */,
				5D3A470C19EF01AD00F9D84B /* The Plaza Hotel & Café Photo.jpg */,
				5D3A470D19EF01AD00F9D84B /* The Plaza Hotel & Café Photo@2x.jpg */,
			);
			name = "Detail Photos";
			sourceTree = "<group>";
		};
		5D3A69891A000F4F007739E3 /* TPKeyboardAvoiding */ = {
			isa = PBXGroup;
			children = (
				5D3A698A1A000F4F007739E3 /* TPKeyboardAvoidingCollectionView.h */,
				5D3A698B1A000F4F007739E3 /* TPKeyboardAvoidingCollectionView.m */,
				5D3A698C1A000F4F007739E3 /* TPKeyboardAvoidingScrollView.h */,
				5D3A698D1A000F4F007739E3 /* TPKeyboardAvoidingScrollView.m */,
				5D3A698E1A000F4F007739E3 /* TPKeyboardAvoidingTableView.h */,
				5D3A698F1A000F4F007739E3 /* TPKeyboardAvoidingTableView.m */,
				5D3A69901A000F4F007739E3 /* UIScrollView+TPKeyboardAvoidingAdditions.h */,
				5D3A69911A000F4F007739E3 /* UIScrollView+TPKeyboardAvoidingAdditions.m */,
			);
			path = TPKeyboardAvoiding;
			sourceTree = "<group>";
		};
		5D4AEBBB19ED7A5B00FA040F = {
			isa = PBXGroup;
			children = (
				5D3A699A1A001049007739E3 /* Foundation.framework */,
				5D3A69981A001044007739E3 /* CoreGraphics.framework */,
				5D3A69961A00101C007739E3 /* UIKit.framework */,
				5D4AEBC619ED7A5B00FA040F /* IDM */,
				5D4AEBE619ED7A5B00FA040F /* IDMTests */,
				5D4AEBC519ED7A5B00FA040F /* Products */,
			);
			sourceTree = "<group>";
		};
		5D4AEBC519ED7A5B00FA040F /* Products */ = {
			isa = PBXGroup;
			children = (
				5D4AEBC419ED7A5B00FA040F /* IDM.app */,
				5D4AEBE319ED7A5B00FA040F /* IDMTests.xctest */,
			);
			name = Products;
			sourceTree = "<group>";
		};
		5D4AEBC619ED7A5B00FA040F /* IDM */ = {
			isa = PBXGroup;
			children = (
				5D0EEE9B1A5C3C8E003940CE /* Media.xcassets */,
				5D3A46B019EEDA3A00F9D84B /* Images */,
				5D4AEBCB19ED7A5B00FA040F /* AppDelegate.h */,
				5D4AEBCC19ED7A5B00FA040F /* AppDelegate.m */,
				5DCCBBD21A6452AD002A7ACE /* JVFloatLabeledTextField */,
				5DD59D521A8E662900793913 /* Source */,
				5DDC11351A7C2E2600199331 /* AFNetworking */,
				5D4AEBD719ED7A5B00FA040F /* Main.storyboard */,
				5DD59D601A8E6DED00793913 /* PropertyViewSecondaryPage.h */,
				5DD59D611A8E6DED00793913 /* PropertyViewSecondaryPage.m */,
				5DD59D5A1A8E689100793913 /* PropertyViewController.h */,
				5DD59D5B1A8E689100793913 /* PropertyViewController.m */,
				5DCDD41C19FAFAEA00681C3B /* AvailablePropertiesViewController.h */,
				5DCDD41D19FAFAEA00681C3B /* AvailablePropertiesViewController.m */,
				5D4AEC0F19EED7CF00FA040F /* PropertyTableViewController.h */,
				5D4AEC1019EED7CF00FA040F /* PropertyTableViewController.m */,
				5D3A46F519EEDD4300F9D84B /* PropertyTableViewCell.h */,
				5D3A46F619EEDD4300F9D84B /* PropertyTableViewCell.m */,
				5D3A69891A000F4F007739E3 /* TPKeyboardAvoiding */,
				5D3A697A1A000BE9007739E3 /* RequestForProposalViewController.h */,
				5D3A697B1A000BE9007739E3 /* RequestForProposalViewController.m */,
				5DCDD41919FAF5A700681C3B /* PartyNeedsViewController.h */,
				5DCDD41A19FAF5A700681C3B /* PartyNeedsViewController.m */,
				5DCDD41619FAF59000681C3B /* PartyTypeViewController.h */,
				5DCDD41719FAF59000681C3B /* PartyTypeViewController.m */,
				5DCDD41319FAF57800681C3B /* PartySizeViewController.h */,
				5DCDD41419FAF57800681C3B /* PartySizeViewController.m */,
				5D3A46FA19EEEA3500F9D84B /* PropertyDetailViewController.h */,
				5D3A46FB19EEEA3500F9D84B /* PropertyDetailViewController.m */,
				5D91C22519EF11810080F67D /* IDMNavigationController.h */,
				5D91C22619EF11810080F67D /* IDMNavigationController.m */,
				5D4AEBDC19ED7A5B00FA040F /* LaunchScreen.xib */,
				5D4AEBCE19ED7A5B00FA040F /* IDM.xcdatamodeld */,
				5D4AEBF619EDA44600FA040F /* Event.h */,
				5D4AEBF719EDA44600FA040F /* Event.m */,
				5DDC11821A80167D00199331 /* Underscore */,
				5D4AEBC719ED7A5B00FA040F /* Supporting Files */,
			);
			path = IDM;
			sourceTree = "<group>";
		};
		5D4AEBC719ED7A5B00FA040F /* Supporting Files */ = {
			isa = PBXGroup;
			children = (
				5D4AEBC819ED7A5B00FA040F /* Info.plist */,
				5D4AEBC919ED7A5B00FA040F /* main.m */,
			);
			name = "Supporting Files";
			sourceTree = "<group>";
		};
		5D4AEBE619ED7A5B00FA040F /* IDMTests */ = {
			isa = PBXGroup;
			children = (
				5D4AEBE919ED7A5B00FA040F /* IDMTests.m */,
				5D4AEBE719ED7A5B00FA040F /* Supporting Files */,
			);
			path = IDMTests;
			sourceTree = "<group>";
		};
		5D4AEBE719ED7A5B00FA040F /* Supporting Files */ = {
			isa = PBXGroup;
			children = (
				5D4AEBE819ED7A5B00FA040F /* Info.plist */,
			);
			name = "Supporting Files";
			sourceTree = "<group>";
		};
		5DCCBBD21A6452AD002A7ACE /* JVFloatLabeledTextField */ = {
			isa = PBXGroup;
			children = (
				5DCCBBD31A6452AD002A7ACE /* JVFloatLabeledTextField.h */,
				5DCCBBD41A6452AD002A7ACE /* JVFloatLabeledTextField.m */,
				5DCCBBD51A6452AD002A7ACE /* JVFloatLabeledTextView.h */,
				5DCCBBD61A6452AD002A7ACE /* JVFloatLabeledTextView.m */,
				5DCCBBD71A6452AD002A7ACE /* NSString+TextDirectionality.h */,
				5DCCBBD81A6452AD002A7ACE /* NSString+TextDirectionality.m */,
			);
			path = JVFloatLabeledTextField;
			sourceTree = "<group>";
		};
		5DD59D521A8E662900793913 /* Source */ = {
			isa = PBXGroup;
			children = (
				5DD59D531A8E662900793913 /* MSPageViewController+Protected.h */,
				5DD59D541A8E662900793913 /* MSPageViewController.h */,
				5DD59D551A8E662900793913 /* MSPageViewController.m */,
				5DD59D561A8E662900793913 /* MSPageViewControllerPage.h */,
				5DD59D571A8E662900793913 /* MSPageViewControllerPage.m */,
			);
			path = Source;
			sourceTree = "<group>";
		};
		5DDC11351A7C2E2600199331 /* AFNetworking */ = {
			isa = PBXGroup;
			children = (
				5DDC11361A7C2E2600199331 /* AFHTTPRequestOperation.h */,
				5DDC11371A7C2E2600199331 /* AFHTTPRequestOperation.m */,
				5DDC11381A7C2E2600199331 /* AFHTTPRequestOperationManager.h */,
				5DDC11391A7C2E2600199331 /* AFHTTPRequestOperationManager.m */,
				5DDC113A1A7C2E2600199331 /* AFHTTPSessionManager.h */,
				5DDC113B1A7C2E2600199331 /* AFHTTPSessionManager.m */,
				5DDC113C1A7C2E2600199331 /* AFNetworking.h */,
				5DDC113D1A7C2E2600199331 /* AFNetworkReachabilityManager.h */,
				5DDC113E1A7C2E2600199331 /* AFNetworkReachabilityManager.m */,
				5DDC113F1A7C2E2600199331 /* AFSecurityPolicy.h */,
				5DDC11401A7C2E2600199331 /* AFSecurityPolicy.m */,
				5DDC11411A7C2E2600199331 /* AFURLConnectionOperation.h */,
				5DDC11421A7C2E2600199331 /* AFURLConnectionOperation.m */,
				5DDC11431A7C2E2600199331 /* AFURLRequestSerialization.h */,
				5DDC11441A7C2E2600199331 /* AFURLRequestSerialization.m */,
				5DDC11451A7C2E2600199331 /* AFURLResponseSerialization.h */,
				5DDC11461A7C2E2600199331 /* AFURLResponseSerialization.m */,
				5DDC11471A7C2E2600199331 /* AFURLSessionManager.h */,
				5DDC11481A7C2E2600199331 /* AFURLSessionManager.m */,
				5DDC11521A7FDFD200199331 /* UIKit+AFNetworking */,
			);
			path = AFNetworking;
			sourceTree = "<group>";
		};
		5DDC11521A7FDFD200199331 /* UIKit+AFNetworking */ = {
			isa = PBXGroup;
			children = (
				5DDC11531A7FDFD200199331 /* AFNetworkActivityIndicatorManager.h */,
				5DDC11541A7FDFD200199331 /* AFNetworkActivityIndicatorManager.m */,
				5DDC11551A7FDFD200199331 /* UIActivityIndicatorView+AFNetworking.h */,
				5DDC11561A7FDFD200199331 /* UIActivityIndicatorView+AFNetworking.m */,
				5DDC11571A7FDFD200199331 /* UIAlertView+AFNetworking.h */,
				5DDC11581A7FDFD200199331 /* UIAlertView+AFNetworking.m */,
				5DDC11591A7FDFD200199331 /* UIButton+AFNetworking.h */,
				5DDC115A1A7FDFD200199331 /* UIButton+AFNetworking.m */,
				5DDC115B1A7FDFD200199331 /* UIImageView+AFNetworking.h */,
				5DDC115C1A7FDFD200199331 /* UIImageView+AFNetworking.m */,
				5DDC115D1A7FDFD200199331 /* UIKit+AFNetworking.h */,
				5DDC115E1A7FDFD200199331 /* UIProgressView+AFNetworking.h */,
				5DDC115F1A7FDFD200199331 /* UIProgressView+AFNetworking.m */,
				5DDC11601A7FDFD200199331 /* UIRefreshControl+AFNetworking.h */,
				5DDC11611A7FDFD200199331 /* UIRefreshControl+AFNetworking.m */,
				5DDC11621A7FDFD200199331 /* UIWebView+AFNetworking.h */,
				5DDC11631A7FDFD200199331 /* UIWebView+AFNetworking.m */,
			);
			path = "UIKit+AFNetworking";
			sourceTree = "<group>";
		};
		5DDC11821A80167D00199331 /* Underscore */ = {
			isa = PBXGroup;
			children = (
				5DDC11831A80167D00199331 /* Strings */,
				5DDC11881A80167D00199331 /* Underscore+Functional.h */,
				5DDC11891A80167D00199331 /* Underscore+Functional.m */,
				5DDC118A1A80167D00199331 /* Underscore-Prefix.pch */,
				5DDC118B1A80167D00199331 /* Underscore.h */,
				5DDC118C1A80167D00199331 /* Underscore.m */,
				5DDC118D1A80167D00199331 /* USArrayWrapper.h */,
				5DDC118E1A80167D00199331 /* USArrayWrapper.m */,
				5DDC118F1A80167D00199331 /* USConstants.h */,
				5DDC11901A80167D00199331 /* USDictionaryWrapper.h */,
				5DDC11911A80167D00199331 /* USDictionaryWrapper.m */,
			);
			path = Underscore;
			sourceTree = "<group>";
		};
		5DDC11831A80167D00199331 /* Strings */ = {
			isa = PBXGroup;
			children = (
				5DDC11841A80167D00199331 /* Underscore+Strings.h */,
				5DDC11851A80167D00199331 /* Underscore+Strings.m */,
				5DDC11861A80167D00199331 /* USStringWrapper.h */,
				5DDC11871A80167D00199331 /* USStringWrapper.m */,
			);
			path = Strings;
			sourceTree = "<group>";
		};
/* End PBXGroup section */

/* Begin PBXNativeTarget section */
		5D4AEBC319ED7A5B00FA040F /* IDM */ = {
			isa = PBXNativeTarget;
			buildConfigurationList = 5D4AEBED19ED7A5B00FA040F /* Build configuration list for PBXNativeTarget "IDM" */;
			buildPhases = (
				5D4AEBC019ED7A5B00FA040F /* Sources */,
				5D4AEBC119ED7A5B00FA040F /* Frameworks */,
				5D4AEBC219ED7A5B00FA040F /* Resources */,
			);
			buildRules = (
			);
			dependencies = (
			);
			name = IDM;
			productName = IDM;
			productReference = 5D4AEBC419ED7A5B00FA040F /* IDM.app */;
			productType = "com.apple.product-type.application";
		};
		5D4AEBE219ED7A5B00FA040F /* IDMTests */ = {
			isa = PBXNativeTarget;
			buildConfigurationList = 5D4AEBF019ED7A5B00FA040F /* Build configuration list for PBXNativeTarget "IDMTests" */;
			buildPhases = (
				5D4AEBDF19ED7A5B00FA040F /* Sources */,
				5D4AEBE019ED7A5B00FA040F /* Frameworks */,
				5D4AEBE119ED7A5B00FA040F /* Resources */,
			);
			buildRules = (
			);
			dependencies = (
				5D4AEBE519ED7A5B00FA040F /* PBXTargetDependency */,
			);
			name = IDMTests;
			productName = IDMTests;
			productReference = 5D4AEBE319ED7A5B00FA040F /* IDMTests.xctest */;
			productType = "com.apple.product-type.bundle.unit-test";
		};
/* End PBXNativeTarget section */

/* Begin PBXProject section */
		5D4AEBBC19ED7A5B00FA040F /* Project object */ = {
			isa = PBXProject;
			attributes = {
				LastUpgradeCheck = 0600;
				ORGANIZATIONNAME = "Company B";
				TargetAttributes = {
					5D4AEBC319ED7A5B00FA040F = {
						CreatedOnToolsVersion = 6.0.1;
						DevelopmentTeam = VYSTKYG2X5;
					};
					5D4AEBE219ED7A5B00FA040F = {
						CreatedOnToolsVersion = 6.0.1;
						TestTargetID = 5D4AEBC319ED7A5B00FA040F;
					};
				};
			};
			buildConfigurationList = 5D4AEBBF19ED7A5B00FA040F /* Build configuration list for PBXProject "IDM" */;
			compatibilityVersion = "Xcode 3.2";
			developmentRegion = English;
			hasScannedForEncodings = 0;
			knownRegions = (
				en,
				Base,
			);
			mainGroup = 5D4AEBBB19ED7A5B00FA040F;
			productRefGroup = 5D4AEBC519ED7A5B00FA040F /* Products */;
			projectDirPath = "";
			projectRoot = "";
			targets = (
				5D4AEBC319ED7A5B00FA040F /* IDM */,
				5D4AEBE219ED7A5B00FA040F /* IDMTests */,
			);
		};
/* End PBXProject section */

/* Begin PBXResourcesBuildPhase section */
		5D4AEBC219ED7A5B00FA040F /* Resources */ = {
			isa = PBXResourcesBuildPhase;
			buildActionMask = 2147483647;
			files = (
				5D3A46E119EEDA4400F9D84B /* Hotel Marshfield.png in Resources */,
				5D3A46E719EEDA4400F9D84B /* Jefferson Street Inn.png in Resources */,
				5D3A46D519EEDA4400F9D84B /* back-arrow.png in Resources */,
				5D3A46DE19EEDA4400F9D84B /* help-me-find-a-property@2x.png in Resources */,
				5D3A46E019EEDA4400F9D84B /* Hotel Julien Dubuque@2x.png in Resources */,
				5D3A471219EF01AD00F9D84B /* Hotel Julien Dubuque Photo.jpg in Resources */,
				5D3A46F419EEDA4400F9D84B /* what-is-the-size-of-your-group-event@2x.png in Resources */,
				5D3A471019EF01AD00F9D84B /* Edgewater Resort Photo.jpg in Resources */,
				5D3A46D419EEDA4400F9D84B /* available-properties@2x.png in Resources */,
				5D3A46F219EEDA4400F9D84B /* The Plaza Hotel & Café@2x.png in Resources */,
				5D3A471A19EF01AD00F9D84B /* The Plaza Hotel & Café Photo.jpg in Resources */,
				5D3A46EC19EEDA4400F9D84B /* Ramada Janesville@2x.png in Resources */,
				5D3A46EF19EEDA4400F9D84B /* splash.png in Resources */,
				5D3A46EB19EEDA4400F9D84B /* Ramada Janesville.png in Resources */,
				5D3A471419EF01AD00F9D84B /* Hotel Marshfield Photo.jpg in Resources */,
				5D3A471119EF01AD00F9D84B /* Edgewater Resort Photo@2x.jpg in Resources */,
				5D0EEE9C1A5C3C8E003940CE /* Media.xcassets in Resources */,
				5DCCBBD01A644574002A7ACE /* checkmark.png in Resources */,
				5D3A471519EF01AD00F9D84B /* Hotel Marshfield Photo@2x.jpg in Resources */,
				5D3A46F919EEDF2400F9D84B /* Museo700-Regular.otf in Resources */,
				5D3A46FE19EEEE3F00F9D84B /* Museo300-Regular.otf in Resources */,
				5D3A470F19EF01AD00F9D84B /* Cranberry Country Lodge Photo@2x.jpg in Resources */,
				5D3A46DD19EEDA4400F9D84B /* help-me-find-a-property.png in Resources */,
				5D3A471619EF01AD00F9D84B /* Jefferson Street Inn Photo.jpg in Resources */,
				5D3A46DB19EEDA4400F9D84B /* Edgewater Resort.png in Resources */,
				5D3A46F319EEDA4400F9D84B /* what-is-the-size-of-your-group-event.png in Resources */,
				5D3A46DC19EEDA4400F9D84B /* Edgewater Resort@2x.png in Resources */,
				5D3A46DF19EEDA4400F9D84B /* Hotel Julien Dubuque.png in Resources */,
				5D3A46E219EEDA4400F9D84B /* Hotel Marshfield@2x.png in Resources */,
				5D3A46EE19EEDA4400F9D84B /* request-for-proposal@2x.png in Resources */,
				5D3A46E919EEDA4400F9D84B /* next.png in Resources */,
				5D3A46E819EEDA4400F9D84B /* Jefferson Street Inn@2x.png in Resources */,
				5D91C22A19EF15B50080F67D /* MuseoSans-300.otf in Resources */,
				5D3A471919EF01AD00F9D84B /* Ramada Janesville Photo@2x.jpg in Resources */,
				5D4AEBD919ED7A5B00FA040F /* Main.storyboard in Resources */,
				5D3A471B19EF01AD00F9D84B /* The Plaza Hotel & Café Photo@2x.jpg in Resources */,
				5D3A46F019EEDA4400F9D84B /* splash@2x.png in Resources */,
				5D3A46E519EEDA4400F9D84B /* i-know-the-property.png in Resources */,
				5D3A470E19EF01AD00F9D84B /* Cranberry Country Lodge Photo.jpg in Resources */,
				5D3A46D919EEDA4400F9D84B /* Cranberry Country Lodge.png in Resources */,
				5D3A471719EF01AD00F9D84B /* Jefferson Street Inn Photo@2x.jpg in Resources */,
				5D3A46F119EEDA4400F9D84B /* The Plaza Hotel & Café.png in Resources */,
				5D91C22B19EF15B50080F67D /* MuseoSans_700.otf in Resources */,
				5D3A46D619EEDA4400F9D84B /* back-arrow@2x.png in Resources */,
				5D3A471319EF01AD00F9D84B /* Hotel Julien Dubuque Photo@2x.jpg in Resources */,
				5D3A46DA19EEDA4400F9D84B /* Cranberry Country Lodge@2x.png in Resources */,
				5D4AEBDE19ED7A5B00FA040F /* LaunchScreen.xib in Resources */,
				5D3A46E619EEDA4400F9D84B /* i-know-the-property@2x.png in Resources */,
				5D3A46D319EEDA4400F9D84B /* available-properties.png in Resources */,
				5D3A46ED19EEDA4400F9D84B /* request-for-proposal.png in Resources */,
				5D3A471819EF01AD00F9D84B /* Ramada Janesville Photo.jpg in Resources */,
				5D3A46EA19EEDA4400F9D84B /* next@2x.png in Resources */,
				5D3A46D719EEDA4400F9D84B /* blurred-background.png in Resources */,
				5D3A46D819EEDA4400F9D84B /* blurred-background@2x.png in Resources */,
				5DCCBBD11A644574002A7ACE /* checkmark@2x.png in Resources */,
			);
			runOnlyForDeploymentPostprocessing = 0;
		};
		5D4AEBE119ED7A5B00FA040F /* Resources */ = {
			isa = PBXResourcesBuildPhase;
			buildActionMask = 2147483647;
			files = (
			);
			runOnlyForDeploymentPostprocessing = 0;
		};
/* End PBXResourcesBuildPhase section */

/* Begin PBXSourcesBuildPhase section */
		5D4AEBC019ED7A5B00FA040F /* Sources */ = {
			isa = PBXSourcesBuildPhase;
			buildActionMask = 2147483647;
			files = (
				5D4AEBF819EDA44600FA040F /* Event.m in Sources */,
				5D3A46FC19EEEA3500F9D84B /* PropertyDetailViewController.m in Sources */,
				5DDC116B1A7FDFD200199331 /* UIWebView+AFNetworking.m in Sources */,
				5DDC114A1A7C2E2600199331 /* AFHTTPRequestOperationManager.m in Sources */,
				5DCCBBD91A6452AD002A7ACE /* JVFloatLabeledTextField.m in Sources */,
				5DDC11641A7FDFD200199331 /* AFNetworkActivityIndicatorManager.m in Sources */,
				5DDC11951A80167D00199331 /* Underscore.m in Sources */,
				5DD59D5C1A8E689100793913 /* PropertyViewController.m in Sources */,
				5D91C22719EF11810080F67D /* IDMNavigationController.m in Sources */,
				5D3A69951A000F4F007739E3 /* UIScrollView+TPKeyboardAvoidingAdditions.m in Sources */,
				5D3A69921A000F4F007739E3 /* TPKeyboardAvoidingCollectionView.m in Sources */,
				5DDC11511A7C2E2600199331 /* AFURLSessionManager.m in Sources */,
				5DDC114B1A7C2E2600199331 /* AFHTTPSessionManager.m in Sources */,
				5DDC11651A7FDFD200199331 /* UIActivityIndicatorView+AFNetworking.m in Sources */,
				5DDC11501A7C2E2600199331 /* AFURLResponseSerialization.m in Sources */,
				5DD59D621A8E6DED00793913 /* PropertyViewSecondaryPage.m in Sources */,
				5DDC11971A80167D00199331 /* USDictionaryWrapper.m in Sources */,
				5DDC11491A7C2E2600199331 /* AFHTTPRequestOperation.m in Sources */,
				5DD59D591A8E662900793913 /* MSPageViewControllerPage.m in Sources */,
				5DDC11941A80167D00199331 /* Underscore+Functional.m in Sources */,
				5DD59D581A8E662900793913 /* MSPageViewController.m in Sources */,
				5D4AEBCD19ED7A5B00FA040F /* AppDelegate.m in Sources */,
				5DDC114F1A7C2E2600199331 /* AFURLRequestSerialization.m in Sources */,
				5D3A46F719EEDD4300F9D84B /* PropertyTableViewCell.m in Sources */,
				5DDC116A1A7FDFD200199331 /* UIRefreshControl+AFNetworking.m in Sources */,
				5DCDD41B19FAF5A700681C3B /* PartyNeedsViewController.m in Sources */,
				5DDC11681A7FDFD200199331 /* UIImageView+AFNetworking.m in Sources */,
				5DDC11931A80167D00199331 /* USStringWrapper.m in Sources */,
				5D3A69941A000F4F007739E3 /* TPKeyboardAvoidingTableView.m in Sources */,
				5DDC11691A7FDFD200199331 /* UIProgressView+AFNetworking.m in Sources */,
				5DDC11961A80167D00199331 /* USArrayWrapper.m in Sources */,
				5DCCBBDA1A6452AD002A7ACE /* JVFloatLabeledTextView.m in Sources */,
				5DDC11661A7FDFD200199331 /* UIAlertView+AFNetworking.m in Sources */,
				5DCCBBDB1A6452AD002A7ACE /* NSString+TextDirectionality.m in Sources */,
				5D3A697C1A000BE9007739E3 /* RequestForProposalViewController.m in Sources */,
				5DCDD41519FAF57800681C3B /* PartySizeViewController.m in Sources */,
				5DDC114C1A7C2E2600199331 /* AFNetworkReachabilityManager.m in Sources */,
				5DCDD41819FAF59000681C3B /* PartyTypeViewController.m in Sources */,
				5DDC114E1A7C2E2600199331 /* AFURLConnectionOperation.m in Sources */,
				5D4AEBD019ED7A5B00FA040F /* IDM.xcdatamodeld in Sources */,
				5D4AEBCA19ED7A5B00FA040F /* main.m in Sources */,
				5D4AEC1119EED7CF00FA040F /* PropertyTableViewController.m in Sources */,
				5DDC11671A7FDFD200199331 /* UIButton+AFNetworking.m in Sources */,
				5D3A69931A000F4F007739E3 /* TPKeyboardAvoidingScrollView.m in Sources */,
				5DDC114D1A7C2E2600199331 /* AFSecurityPolicy.m in Sources */,
				5DDC11921A80167D00199331 /* Underscore+Strings.m in Sources */,
				5DCDD41E19FAFAEA00681C3B /* AvailablePropertiesViewController.m in Sources */,
			);
			runOnlyForDeploymentPostprocessing = 0;
		};
		5D4AEBDF19ED7A5B00FA040F /* Sources */ = {
			isa = PBXSourcesBuildPhase;
			buildActionMask = 2147483647;
			files = (
				5D4AEBEA19ED7A5B00FA040F /* IDMTests.m in Sources */,
			);
			runOnlyForDeploymentPostprocessing = 0;
		};
/* End PBXSourcesBuildPhase section */

/* Begin PBXTargetDependency section */
		5D4AEBE519ED7A5B00FA040F /* PBXTargetDependency */ = {
			isa = PBXTargetDependency;
			target = 5D4AEBC319ED7A5B00FA040F /* IDM */;
			targetProxy = 5D4AEBE419ED7A5B00FA040F /* PBXContainerItemProxy */;
		};
/* End PBXTargetDependency section */

/* Begin PBXVariantGroup section */
		5D4AEBD719ED7A5B00FA040F /* Main.storyboard */ = {
			isa = PBXVariantGroup;
			children = (
				5D4AEBD819ED7A5B00FA040F /* Base */,
			);
			name = Main.storyboard;
			sourceTree = "<group>";
		};
		5D4AEBDC19ED7A5B00FA040F /* LaunchScreen.xib */ = {
			isa = PBXVariantGroup;
			children = (
				5D4AEBDD19ED7A5B00FA040F /* Base */,
			);
			name = LaunchScreen.xib;
			sourceTree = "<group>";
		};
/* End PBXVariantGroup section */

/* Begin XCBuildConfiguration section */
		5D4AEBEB19ED7A5B00FA040F /* Debug */ = {
			isa = XCBuildConfiguration;
			buildSettings = {
				ALWAYS_SEARCH_USER_PATHS = NO;
				CLANG_CXX_LANGUAGE_STANDARD = "gnu++0x";
				CLANG_CXX_LIBRARY = "libc++";
				CLANG_ENABLE_MODULES = YES;
				CLANG_ENABLE_OBJC_ARC = YES;
				CLANG_WARN_BOOL_CONVERSION = YES;
				CLANG_WARN_CONSTANT_CONVERSION = YES;
				CLANG_WARN_DIRECT_OBJC_ISA_USAGE = YES_ERROR;
				CLANG_WARN_EMPTY_BODY = YES;
				CLANG_WARN_ENUM_CONVERSION = YES;
				CLANG_WARN_INT_CONVERSION = YES;
				CLANG_WARN_OBJC_ROOT_CLASS = YES_ERROR;
				CLANG_WARN_UNREACHABLE_CODE = YES;
				CLANG_WARN__DUPLICATE_METHOD_MATCH = YES;
				"CODE_SIGN_IDENTITY[sdk=iphoneos*]" = "iPhone Developer";
				COPY_PHASE_STRIP = NO;
				ENABLE_STRICT_OBJC_MSGSEND = YES;
				GCC_C_LANGUAGE_STANDARD = gnu99;
				GCC_DYNAMIC_NO_PIC = NO;
				GCC_OPTIMIZATION_LEVEL = 0;
				GCC_PREPROCESSOR_DEFINITIONS = (
					"DEBUG=1",
					"$(inherited)",
				);
				GCC_SYMBOLS_PRIVATE_EXTERN = NO;
				GCC_WARN_64_TO_32_BIT_CONVERSION = YES;
				GCC_WARN_ABOUT_RETURN_TYPE = YES_ERROR;
				GCC_WARN_UNDECLARED_SELECTOR = YES;
				GCC_WARN_UNINITIALIZED_AUTOS = YES_AGGRESSIVE;
				GCC_WARN_UNUSED_FUNCTION = YES;
				GCC_WARN_UNUSED_VARIABLE = YES;
				IPHONEOS_DEPLOYMENT_TARGET = 8.0;
				MTL_ENABLE_DEBUG_INFO = YES;
				ONLY_ACTIVE_ARCH = YES;
				SDKROOT = iphoneos;
				TARGETED_DEVICE_FAMILY = 2;
			};
			name = Debug;
		};
		5D4AEBEC19ED7A5B00FA040F /* Release */ = {
			isa = XCBuildConfiguration;
			buildSettings = {
				ALWAYS_SEARCH_USER_PATHS = NO;
				CLANG_CXX_LANGUAGE_STANDARD = "gnu++0x";
				CLANG_CXX_LIBRARY = "libc++";
				CLANG_ENABLE_MODULES = YES;
				CLANG_ENABLE_OBJC_ARC = YES;
				CLANG_WARN_BOOL_CONVERSION = YES;
				CLANG_WARN_CONSTANT_CONVERSION = YES;
				CLANG_WARN_DIRECT_OBJC_ISA_USAGE = YES_ERROR;
				CLANG_WARN_EMPTY_BODY = YES;
				CLANG_WARN_ENUM_CONVERSION = YES;
				CLANG_WARN_INT_CONVERSION = YES;
				CLANG_WARN_OBJC_ROOT_CLASS = YES_ERROR;
				CLANG_WARN_UNREACHABLE_CODE = YES;
				CLANG_WARN__DUPLICATE_METHOD_MATCH = YES;
				"CODE_SIGN_IDENTITY[sdk=iphoneos*]" = "iPhone Developer";
				COPY_PHASE_STRIP = YES;
				ENABLE_NS_ASSERTIONS = NO;
				ENABLE_STRICT_OBJC_MSGSEND = YES;
				GCC_C_LANGUAGE_STANDARD = gnu99;
				GCC_WARN_64_TO_32_BIT_CONVERSION = YES;
				GCC_WARN_ABOUT_RETURN_TYPE = YES_ERROR;
				GCC_WARN_UNDECLARED_SELECTOR = YES;
				GCC_WARN_UNINITIALIZED_AUTOS = YES_AGGRESSIVE;
				GCC_WARN_UNUSED_FUNCTION = YES;
				GCC_WARN_UNUSED_VARIABLE = YES;
				IPHONEOS_DEPLOYMENT_TARGET = 8.0;
				MTL_ENABLE_DEBUG_INFO = NO;
				SDKROOT = iphoneos;
				TARGETED_DEVICE_FAMILY = 2;
				VALIDATE_PRODUCT = YES;
			};
			name = Release;
		};
		5D4AEBEE19ED7A5B00FA040F /* Debug */ = {
			isa = XCBuildConfiguration;
			buildSettings = {
				ASSETCATALOG_COMPILER_APPICON_NAME = AppIcon;
				CODE_SIGN_IDENTITY = "iPhone Developer";
				"CODE_SIGN_IDENTITY[sdk=iphoneos*]" = "iPhone Developer";
				INFOPLIST_FILE = IDM/Info.plist;
				LD_RUNPATH_SEARCH_PATHS = "$(inherited) @executable_path/Frameworks";
				PRODUCT_NAME = "$(TARGET_NAME)";
				PROVISIONING_PROFILE = "";
			};
			name = Debug;
		};
		5D4AEBEF19ED7A5B00FA040F /* Release */ = {
			isa = XCBuildConfiguration;
			buildSettings = {
				ASSETCATALOG_COMPILER_APPICON_NAME = AppIcon;
				CODE_SIGN_IDENTITY = "iPhone Developer";
				"CODE_SIGN_IDENTITY[sdk=iphoneos*]" = "iPhone Developer";
				INFOPLIST_FILE = IDM/Info.plist;
				LD_RUNPATH_SEARCH_PATHS = "$(inherited) @executable_path/Frameworks";
				PRODUCT_NAME = "$(TARGET_NAME)";
				PROVISIONING_PROFILE = "";
			};
			name = Release;
		};
		5D4AEBF119ED7A5B00FA040F /* Debug */ = {
			isa = XCBuildConfiguration;
			buildSettings = {
				BUNDLE_LOADER = "$(TEST_HOST)";
				FRAMEWORK_SEARCH_PATHS = (
					"$(SDKROOT)/Developer/Library/Frameworks",
					"$(inherited)",
				);
				GCC_PREPROCESSOR_DEFINITIONS = (
					"DEBUG=1",
					"$(inherited)",
				);
				INFOPLIST_FILE = IDMTests/Info.plist;
				LD_RUNPATH_SEARCH_PATHS = "$(inherited) @executable_path/Frameworks @loader_path/Frameworks";
				PRODUCT_NAME = "$(TARGET_NAME)";
				TEST_HOST = "$(BUILT_PRODUCTS_DIR)/IDM.app/IDM";
			};
			name = Debug;
		};
		5D4AEBF219ED7A5B00FA040F /* Release */ = {
			isa = XCBuildConfiguration;
			buildSettings = {
				BUNDLE_LOADER = "$(TEST_HOST)";
				FRAMEWORK_SEARCH_PATHS = (
					"$(SDKROOT)/Developer/Library/Frameworks",
					"$(inherited)",
				);
				INFOPLIST_FILE = IDMTests/Info.plist;
				LD_RUNPATH_SEARCH_PATHS = "$(inherited) @executable_path/Frameworks @loader_path/Frameworks";
				PRODUCT_NAME = "$(TARGET_NAME)";
				TEST_HOST = "$(BUILT_PRODUCTS_DIR)/IDM.app/IDM";
			};
			name = Release;
		};
/* End XCBuildConfiguration section */

/* Begin XCConfigurationList section */
		5D4AEBBF19ED7A5B00FA040F /* Build configuration list for PBXProject "IDM" */ = {
			isa = XCConfigurationList;
			buildConfigurations = (
				5D4AEBEB19ED7A5B00FA040F /* Debug */,
				5D4AEBEC19ED7A5B00FA040F /* Release */,
			);
			defaultConfigurationIsVisible = 0;
			defaultConfigurationName = Release;
		};
		5D4AEBED19ED7A5B00FA040F /* Build configuration list for PBXNativeTarget "IDM" */ = {
			isa = XCConfigurationList;
			buildConfigurations = (
				5D4AEBEE19ED7A5B00FA040F /* Debug */,
				5D4AEBEF19ED7A5B00FA040F /* Release */,
			);
			defaultConfigurationIsVisible = 0;
			defaultConfigurationName = Release;
		};
		5D4AEBF019ED7A5B00FA040F /* Build configuration list for PBXNativeTarget "IDMTests" */ = {
			isa = XCConfigurationList;
			buildConfigurations = (
				5D4AEBF119ED7A5B00FA040F /* Debug */,
				5D4AEBF219ED7A5B00FA040F /* Release */,
			);
			defaultConfigurationIsVisible = 0;
			defaultConfigurationName = Release;
		};
/* End XCConfigurationList section */

/* Begin XCVersionGroup section */
		5D4AEBCE19ED7A5B00FA040F /* IDM.xcdatamodeld */ = {
			isa = XCVersionGroup;
			children = (
				5D4AEBCF19ED7A5B00FA040F /* IDM.xcdatamodel */,
			);
			currentVersion = 5D4AEBCF19ED7A5B00FA040F /* IDM.xcdatamodel */;
			path = IDM.xcdatamodeld;
			sourceTree = "<group>";
			versionGroupType = wrapper.xcdatamodel;
		};
/* End XCVersionGroup section */
	};
	rootObject = 5D4AEBBC19ED7A5B00FA040F /* Project object */;
}
